// !$*UTF8*$!
{
	archiveVersion = 1;
	classes = {
	};
	objectVersion = 48;
	objects = {

/* Begin PBXBuildFile section */
		4691EECB21F8BAF80082DF98 /* AppDelegate.swift in Sources */ = {isa = PBXBuildFile; fileRef = 4691EECA21F8BAF80082DF98 /* AppDelegate.swift */; };
		4691EECD21F8BAF80082DF98 /* MealViewController.swift in Sources */ = {isa = PBXBuildFile; fileRef = 4691EECC21F8BAF80082DF98 /* MealViewController.swift */; };
		4691EED021F8BAF80082DF98 /* Main.storyboard in Resources */ = {isa = PBXBuildFile; fileRef = 4691EECE21F8BAF80082DF98 /* Main.storyboard */; };
		4691EED221F8BAF80082DF98 /* Assets.xcassets in Resources */ = {isa = PBXBuildFile; fileRef = 4691EED121F8BAF80082DF98 /* Assets.xcassets */; };
		4691EED521F8BAF80082DF98 /* LaunchScreen.storyboard in Resources */ = {isa = PBXBuildFile; fileRef = 4691EED321F8BAF80082DF98 /* LaunchScreen.storyboard */; };
		4691EEE021F8BAF80082DF98 /* Lab2NewTests.swift in Sources */ = {isa = PBXBuildFile; fileRef = 4691EEDF21F8BAF80082DF98 /* Lab2NewTests.swift */; };
		4691EEEB21F8BAF80082DF98 /* Lab2NewUITests.swift in Sources */ = {isa = PBXBuildFile; fileRef = 4691EEEA21F8BAF80082DF98 /* Lab2NewUITests.swift */; };
		4691EEFF21F8C1DA0082DF98 /* RatingControl.swift in Sources */ = {isa = PBXBuildFile; fileRef = 4691EEFE21F8C1DA0082DF98 /* RatingControl.swift */; };
		46993F8D220110D800B40F05 /* MealTableViewCell.swift in Sources */ = {isa = PBXBuildFile; fileRef = 46993F8C220110D800B40F05 /* MealTableViewCell.swift */; };
		46993F8F220111D700B40F05 /* MealTableViewController.swift in Sources */ = {isa = PBXBuildFile; fileRef = 46993F8E220111D700B40F05 /* MealTableViewController.swift */; };
		46AB538D21FA838700FC7516 /* Meal.swift in Sources */ = {isa = PBXBuildFile; fileRef = 46AB538C21FA838700FC7516 /* Meal.swift */; };
/* End PBXBuildFile section */

/* Begin PBXContainerItemProxy section */
		4691EEDC21F8BAF80082DF98 /* PBXContainerItemProxy */ = {
			isa = PBXContainerItemProxy;
			containerPortal = 4691EEBF21F8BAF80082DF98 /* Project object */;
			proxyType = 1;
			remoteGlobalIDString = 4691EEC621F8BAF80082DF98;
			remoteInfo = Lab2New;
		};
		4691EEE721F8BAF80082DF98 /* PBXContainerItemProxy */ = {
			isa = PBXContainerItemProxy;
			containerPortal = 4691EEBF21F8BAF80082DF98 /* Project object */;
			proxyType = 1;
			remoteGlobalIDString = 4691EEC621F8BAF80082DF98;
			remoteInfo = Lab2New;
		};
/* End PBXContainerItemProxy section */

/* Begin PBXFileReference section */
		4691EEC721F8BAF80082DF98 /* Lab2New.app */ = {isa = PBXFileReference; explicitFileType = wrapper.application; includeInIndex = 0; path = Lab2New.app; sourceTree = BUILT_PRODUCTS_DIR; };
		4691EECA21F8BAF80082DF98 /* AppDelegate.swift */ = {isa = PBXFileReference; lastKnownFileType = sourcecode.swift; path = AppDelegate.swift; sourceTree = "<group>"; };
		4691EECC21F8BAF80082DF98 /* MealViewController.swift */ = {isa = PBXFileReference; lastKnownFileType = sourcecode.swift; path = MealViewController.swift; sourceTree = "<group>"; };
		4691EECF21F8BAF80082DF98 /* Base */ = {isa = PBXFileReference; lastKnownFileType = file.storyboard; name = Base; path = Base.lproj/Main.storyboard; sourceTree = "<group>"; };
		4691EED121F8BAF80082DF98 /* Assets.xcassets */ = {isa = PBXFileReference; lastKnownFileType = folder.assetcatalog; path = Assets.xcassets; sourceTree = "<group>"; };
		4691EED421F8BAF80082DF98 /* Base */ = {isa = PBXFileReference; lastKnownFileType = file.storyboard; name = Base; path = Base.lproj/LaunchScreen.storyboard; sourceTree = "<group>"; };
		4691EED621F8BAF80082DF98 /* Info.plist */ = {isa = PBXFileReference; lastKnownFileType = text.plist.xml; path = Info.plist; sourceTree = "<group>"; };
		4691EEDB21F8BAF80082DF98 /* Lab2NewTests.xctest */ = {isa = PBXFileReference; explicitFileType = wrapper.cfbundle; includeInIndex = 0; path = Lab2NewTests.xctest; sourceTree = BUILT_PRODUCTS_DIR; };
		4691EEDF21F8BAF80082DF98 /* Lab2NewTests.swift */ = {isa = PBXFileReference; lastKnownFileType = sourcecode.swift; path = Lab2NewTests.swift; sourceTree = "<group>"; };
		4691EEE121F8BAF80082DF98 /* Info.plist */ = {isa = PBXFileReference; lastKnownFileType = text.plist.xml; path = Info.plist; sourceTree = "<group>"; };
		4691EEE621F8BAF80082DF98 /* Lab2NewUITests.xctest */ = {isa = PBXFileReference; explicitFileType = wrapper.cfbundle; includeInIndex = 0; path = Lab2NewUITests.xctest; sourceTree = BUILT_PRODUCTS_DIR; };
		4691EEEA21F8BAF80082DF98 /* Lab2NewUITests.swift */ = {isa = PBXFileReference; lastKnownFileType = sourcecode.swift; path = Lab2NewUITests.swift; sourceTree = "<group>"; };
		4691EEEC21F8BAF80082DF98 /* Info.plist */ = {isa = PBXFileReference; lastKnownFileType = text.plist.xml; path = Info.plist; sourceTree = "<group>"; };
		4691EEFE21F8C1DA0082DF98 /* RatingControl.swift */ = {isa = PBXFileReference; lastKnownFileType = sourcecode.swift; path = RatingControl.swift; sourceTree = "<group>"; };
		46993F8C220110D800B40F05 /* MealTableViewCell.swift */ = {isa = PBXFileReference; lastKnownFileType = sourcecode.swift; path = MealTableViewCell.swift; sourceTree = "<group>"; };
		46993F8E220111D700B40F05 /* MealTableViewController.swift */ = {isa = PBXFileReference; lastKnownFileType = sourcecode.swift; path = MealTableViewController.swift; sourceTree = "<group>"; };
		46AB538C21FA838700FC7516 /* Meal.swift */ = {isa = PBXFileReference; lastKnownFileType = sourcecode.swift; path = Meal.swift; sourceTree = "<group>"; };
/* End PBXFileReference section */

/* Begin PBXFrameworksBuildPhase section */
		4691EEC421F8BAF80082DF98 /* Frameworks */ = {
			isa = PBXFrameworksBuildPhase;
			buildActionMask = 2147483647;
			files = (
			);
			runOnlyForDeploymentPostprocessing = 0;
		};
		4691EED821F8BAF80082DF98 /* Frameworks */ = {
			isa = PBXFrameworksBuildPhase;
			buildActionMask = 2147483647;
			files = (
			);
			runOnlyForDeploymentPostprocessing = 0;
		};
		4691EEE321F8BAF80082DF98 /* Frameworks */ = {
			isa = PBXFrameworksBuildPhase;
			buildActionMask = 2147483647;
			files = (
			);
			runOnlyForDeploymentPostprocessing = 0;
		};
/* End PBXFrameworksBuildPhase section */

/* Begin PBXGroup section */
		4691EEBE21F8BAF80082DF98 = {
			isa = PBXGroup;
			children = (
				4691EEC921F8BAF80082DF98 /* Lab2New */,
				4691EEDE21F8BAF80082DF98 /* Lab2NewTests */,
				4691EEE921F8BAF80082DF98 /* Lab2NewUITests */,
				4691EEC821F8BAF80082DF98 /* Products */,
			);
			sourceTree = "<group>";
		};
		4691EEC821F8BAF80082DF98 /* Products */ = {
			isa = PBXGroup;
			children = (
				4691EEC721F8BAF80082DF98 /* Lab2New.app */,
				4691EEDB21F8BAF80082DF98 /* Lab2NewTests.xctest */,
				4691EEE621F8BAF80082DF98 /* Lab2NewUITests.xctest */,
			);
			name = Products;
			sourceTree = "<group>";
		};
		4691EEC921F8BAF80082DF98 /* Lab2New */ = {
			isa = PBXGroup;
			children = (
				4691EEFE21F8C1DA0082DF98 /* RatingControl.swift */,
				4691EECA21F8BAF80082DF98 /* AppDelegate.swift */,
				4691EECC21F8BAF80082DF98 /* MealViewController.swift */,
				4691EECE21F8BAF80082DF98 /* Main.storyboard */,
				46993F8C220110D800B40F05 /* MealTableViewCell.swift */,
				46993F8E220111D700B40F05 /* MealTableViewController.swift */,
				46AB538C21FA838700FC7516 /* Meal.swift */,
				4691EED121F8BAF80082DF98 /* Assets.xcassets */,
				4691EED321F8BAF80082DF98 /* LaunchScreen.storyboard */,
				4691EED621F8BAF80082DF98 /* Info.plist */,
			);
			path = Lab2New;
			sourceTree = "<group>";
		};
		4691EEDE21F8BAF80082DF98 /* Lab2NewTests */ = {
			isa = PBXGroup;
			children = (
				4691EEDF21F8BAF80082DF98 /* Lab2NewTests.swift */,
				4691EEE121F8BAF80082DF98 /* Info.plist */,
			);
			path = Lab2NewTests;
			sourceTree = "<group>";
		};
		4691EEE921F8BAF80082DF98 /* Lab2NewUITests */ = {
			isa = PBXGroup;
			children = (
				4691EEEA21F8BAF80082DF98 /* Lab2NewUITests.swift */,
				4691EEEC21F8BAF80082DF98 /* Info.plist */,
			);
			path = Lab2NewUITests;
			sourceTree = "<group>";
		};
/* End PBXGroup section */

/* Begin PBXNativeTarget section */
		4691EEC621F8BAF80082DF98 /* Lab2New */ = {
			isa = PBXNativeTarget;
			buildConfigurationList = 4691EEEF21F8BAF80082DF98 /* Build configuration list for PBXNativeTarget "Lab2New" */;
			buildPhases = (
				4691EEC321F8BAF80082DF98 /* Sources */,
				4691EEC421F8BAF80082DF98 /* Frameworks */,
				4691EEC521F8BAF80082DF98 /* Resources */,
			);
			buildRules = (
			);
			dependencies = (
			);
			name = Lab2New;
			productName = Lab2New;
			productReference = 4691EEC721F8BAF80082DF98 /* Lab2New.app */;
			productType = "com.apple.product-type.application";
		};
		4691EEDA21F8BAF80082DF98 /* Lab2NewTests */ = {
			isa = PBXNativeTarget;
			buildConfigurationList = 4691EEF221F8BAF80082DF98 /* Build configuration list for PBXNativeTarget "Lab2NewTests" */;
			buildPhases = (
				4691EED721F8BAF80082DF98 /* Sources */,
				4691EED821F8BAF80082DF98 /* Frameworks */,
				4691EED921F8BAF80082DF98 /* Resources */,
			);
			buildRules = (
			);
			dependencies = (
				4691EEDD21F8BAF80082DF98 /* PBXTargetDependency */,
			);
			name = Lab2NewTests;
			productName = Lab2NewTests;
			productReference = 4691EEDB21F8BAF80082DF98 /* Lab2NewTests.xctest */;
			productType = "com.apple.product-type.bundle.unit-test";
		};
		4691EEE521F8BAF80082DF98 /* Lab2NewUITests */ = {
			isa = PBXNativeTarget;
			buildConfigurationList = 4691EEF521F8BAF80082DF98 /* Build configuration list for PBXNativeTarget "Lab2NewUITests" */;
			buildPhases = (
				4691EEE221F8BAF80082DF98 /* Sources */,
				4691EEE321F8BAF80082DF98 /* Frameworks */,
				4691EEE421F8BAF80082DF98 /* Resources */,
			);
			buildRules = (
			);
			dependencies = (
				4691EEE821F8BAF80082DF98 /* PBXTargetDependency */,
			);
			name = Lab2NewUITests;
			productName = Lab2NewUITests;
			productReference = 4691EEE621F8BAF80082DF98 /* Lab2NewUITests.xctest */;
			productType = "com.apple.product-type.bundle.ui-testing";
		};
/* End PBXNativeTarget section */

/* Begin PBXProject section */
		4691EEBF21F8BAF80082DF98 /* Project object */ = {
			isa = PBXProject;
			attributes = {
				LastSwiftUpdateCheck = 0900;
				LastUpgradeCheck = 0900;
				ORGANIZATIONNAME = "Pratik Ashokbhai Panchani";
				TargetAttributes = {
					4691EEC621F8BAF80082DF98 = {
						CreatedOnToolsVersion = 9.0;
						ProvisioningStyle = Automatic;
					};
					4691EEDA21F8BAF80082DF98 = {
						CreatedOnToolsVersion = 9.0;
						ProvisioningStyle = Automatic;
						TestTargetID = 4691EEC621F8BAF80082DF98;
					};
					4691EEE521F8BAF80082DF98 = {
						CreatedOnToolsVersion = 9.0;
						ProvisioningStyle = Automatic;
						TestTargetID = 4691EEC621F8BAF80082DF98;
					};
				};
			};
			buildConfigurationList = 4691EEC221F8BAF80082DF98 /* Build configuration list for PBXProject "Lab2New" */;
			compatibilityVersion = "Xcode 8.0";
			developmentRegion = en;
			hasScannedForEncodings = 0;
			knownRegions = (
				en,
				Base,
			);
			mainGroup = 4691EEBE21F8BAF80082DF98;
			productRefGroup = 4691EEC821F8BAF80082DF98 /* Products */;
			projectDirPath = "";
			projectRoot = "";
			targets = (
				4691EEC621F8BAF80082DF98 /* Lab2New */,
				4691EEDA21F8BAF80082DF98 /* Lab2NewTests */,
				4691EEE521F8BAF80082DF98 /* Lab2NewUITests */,
			);
		};
/* End PBXProject section */

/* Begin PBXResourcesBuildPhase section */
		4691EEC521F8BAF80082DF98 /* Resources */ = {
			isa = PBXResourcesBuildPhase;
			buildActionMask = 2147483647;
			files = (
				4691EED521F8BAF80082DF98 /* LaunchScreen.storyboard in Resources */,
				4691EED221F8BAF80082DF98 /* Assets.xcassets in Resources */,
				4691EED021F8BAF80082DF98 /* Main.storyboard in Resources */,
			);
			runOnlyForDeploymentPostprocessing = 0;
		};
		4691EED921F8BAF80082DF98 /* Resources */ = {
			isa = PBXResourcesBuildPhase;
			buildActionMask = 2147483647;
			files = (
			);
			runOnlyForDeploymentPostprocessing = 0;
		};
		4691EEE421F8BAF80082DF98 /* Resources */ = {
			isa = PBXResourcesBuildPhase;
			buildActionMask = 2147483647;
			files = (
			);
			runOnlyForDeploymentPostprocessing = 0;
		};
/* End PBXResourcesBuildPhase section */

/* Begin PBXSourcesBuildPhase section */
		4691EEC321F8BAF80082DF98 /* Sources */ = {
			isa = PBXSourcesBuildPhase;
			buildActionMask = 2147483647;
			files = (
				4691EEFF21F8C1DA0082DF98 /* RatingControl.swift in Sources */,
				4691EECD21F8BAF80082DF98 /* MealViewController.swift in Sources */,
				4691EECB21F8BAF80082DF98 /* AppDelegate.swift in Sources */,
				46AB538D21FA838700FC7516 /* Meal.swift in Sources */,
				46993F8F220111D700B40F05 /* MealTableViewController.swift in Sources */,
				46993F8D220110D800B40F05 /* MealTableViewCell.swift in Sources */,
			);
			runOnlyForDeploymentPostprocessing = 0;
		};
		4691EED721F8BAF80082DF98 /* Sources */ = {
			isa = PBXSourcesBuildPhase;
			buildActionMask = 2147483647;
			files = (
				4691EEE021F8BAF80082DF98 /* Lab2NewTests.swift in Sources */,
			);
			runOnlyForDeploymentPostprocessing = 0;
		};
		4691EEE221F8BAF80082DF98 /* Sources */ = {
			isa = PBXSourcesBuildPhase;
			buildActionMask = 2147483647;
			files = (
				4691EEEB21F8BAF80082DF98 /* Lab2NewUITests.swift in Sources */,
			);
			runOnlyForDeploymentPostprocessing = 0;
		};
/* End PBXSourcesBuildPhase section */

/* Begin PBXTargetDependency section */
		4691EEDD21F8BAF80082DF98 /* PBXTargetDependency */ = {
			isa = PBXTargetDependency;
			target = 4691EEC621F8BAF80082DF98 /* Lab2New */;
			targetProxy = 4691EEDC21F8BAF80082DF98 /* PBXContainerItemProxy */;
		};
		4691EEE821F8BAF80082DF98 /* PBXTargetDependency */ = {
			isa = PBXTargetDependency;
			target = 4691EEC621F8BAF80082DF98 /* Lab2New */;
			targetProxy = 4691EEE721F8BAF80082DF98 /* PBXContainerItemProxy */;
		};
/* End PBXTargetDependency section */

/* Begin PBXVariantGroup section */
		4691EECE21F8BAF80082DF98 /* Main.storyboard */ = {
			isa = PBXVariantGroup;
			children = (
				4691EECF21F8BAF80082DF98 /* Base */,
			);
			name = Main.storyboard;
			sourceTree = "<group>";
		};
		4691EED321F8BAF80082DF98 /* LaunchScreen.storyboard */ = {
			isa = PBXVariantGroup;
			children = (
				4691EED421F8BAF80082DF98 /* Base */,
			);
			name = LaunchScreen.storyboard;
			sourceTree = "<group>";
		};
/* End PBXVariantGroup section */

/* Begin XCBuildConfiguration section */
		4691EEED21F8BAF80082DF98 /* Debug */ = {
			isa = XCBuildConfiguration;
			buildSettings = {
				ALWAYS_SEARCH_USER_PATHS = NO;
				CLANG_ANALYZER_NONNULL = YES;
				CLANG_ANALYZER_NUMBER_OBJECT_CONVERSION = YES_AGGRESSIVE;
				CLANG_CXX_LANGUAGE_STANDARD = "gnu++14";
				CLANG_CXX_LIBRARY = "libc++";
				CLANG_ENABLE_MODULES = YES;
				CLANG_ENABLE_OBJC_ARC = YES;
				CLANG_WARN_BLOCK_CAPTURE_AUTORELEASING = YES;
				CLANG_WARN_BOOL_CONVERSION = YES;
				CLANG_WARN_COMMA = YES;
				CLANG_WARN_CONSTANT_CONVERSION = YES;
				CLANG_WARN_DIRECT_OBJC_ISA_USAGE = YES_ERROR;
				CLANG_WARN_DOCUMENTATION_COMMENTS = YES;
				CLANG_WARN_EMPTY_BODY = YES;
				CLANG_WARN_ENUM_CONVERSION = YES;
				CLANG_WARN_INFINITE_RECURSION = YES;
				CLANG_WARN_INT_CONVERSION = YES;
				CLANG_WARN_NON_LITERAL_NULL_CONVERSION = YES;
				CLANG_WARN_OBJC_LITERAL_CONVERSION = YES;
				CLANG_WARN_OBJC_ROOT_CLASS = YES_ERROR;
				CLANG_WARN_RANGE_LOOP_ANALYSIS = YES;
				CLANG_WARN_STRICT_PROTOTYPES = YES;
				CLANG_WARN_SUSPICIOUS_MOVE = YES;
				CLANG_WARN_UNGUARDED_AVAILABILITY = YES_AGGRESSIVE;
				CLANG_WARN_UNREACHABLE_CODE = YES;
				CLANG_WARN__DUPLICATE_METHOD_MATCH = YES;
				CODE_SIGN_IDENTITY = "iPhone Developer";
				COPY_PHASE_STRIP = NO;
				DEBUG_INFORMATION_FORMAT = dwarf;
				ENABLE_STRICT_OBJC_MSGSEND = YES;
				ENABLE_TESTABILITY = YES;
				GCC_C_LANGUAGE_STANDARD = gnu11;
				GCC_DYNAMIC_NO_PIC = NO;
				GCC_NO_COMMON_BLOCKS = YES;
				GCC_OPTIMIZATION_LEVEL = 0;
				GCC_PREPROCESSOR_DEFINITIONS = (
					"DEBUG=1",
					"$(inherited)",
				);
				GCC_WARN_64_TO_32_BIT_CONVERSION = YES;
				GCC_WARN_ABOUT_RETURN_TYPE = YES_ERROR;
				GCC_WARN_UNDECLARED_SELECTOR = YES;
				GCC_WARN_UNINITIALIZED_AUTOS = YES_AGGRESSIVE;
				GCC_WARN_UNUSED_FUNCTION = YES;
				GCC_WARN_UNUSED_VARIABLE = YES;
				IPHONEOS_DEPLOYMENT_TARGET = 11.0;
				MTL_ENABLE_DEBUG_INFO = YES;
				ONLY_ACTIVE_ARCH = YES;
				SDKROOT = iphoneos;
				SWIFT_ACTIVE_COMPILATION_CONDITIONS = DEBUG;
				SWIFT_OPTIMIZATION_LEVEL = "-Onone";
			};
			name = Debug;
		};
		4691EEEE21F8BAF80082DF98 /* Release */ = {
			isa = XCBuildConfiguration;
			buildSettings = {
				ALWAYS_SEARCH_USER_PATHS = NO;
				CLANG_ANALYZER_NONNULL = YES;
				CLANG_ANALYZER_NUMBER_OBJECT_CONVERSION = YES_AGGRESSIVE;
				CLANG_CXX_LANGUAGE_STANDARD = "gnu++14";
				CLANG_CXX_LIBRARY = "libc++";
				CLANG_ENABLE_MODULES = YES;
				CLANG_ENABLE_OBJC_ARC = YES;
				CLANG_WARN_BLOCK_CAPTURE_AUTORELEASING = YES;
				CLANG_WARN_BOOL_CONVERSION = YES;
				CLANG_WARN_COMMA = YES;
				CLANG_WARN_CONSTANT_CONVERSION = YES;
				CLANG_WARN_DIRECT_OBJC_ISA_USAGE = YES_ERROR;
				CLANG_WARN_DOCUMENTATION_COMMENTS = YES;
				CLANG_WARN_EMPTY_BODY = YES;
				CLANG_WARN_ENUM_CONVERSION = YES;
				CLANG_WARN_INFINITE_RECURSION = YES;
				CLANG_WARN_INT_CONVERSION = YES;
				CLANG_WARN_NON_LITERAL_NULL_CONVERSION = YES;
				CLANG_WARN_OBJC_LITERAL_CONVERSION = YES;
				CLANG_WARN_OBJC_ROOT_CLASS = YES_ERROR;
				CLANG_WARN_RANGE_LOOP_ANALYSIS = YES;
				CLANG_WARN_STRICT_PROTOTYPES = YES;
				CLANG_WARN_SUSPICIOUS_MOVE = YES;
				CLANG_WARN_UNGUARDED_AVAILABILITY = YES_AGGRESSIVE;
				CLANG_WARN_UNREACHABLE_CODE = YES;
				CLANG_WARN__DUPLICATE_METHOD_MATCH = YES;
				CODE_SIGN_IDENTITY = "iPhone Developer";
				COPY_PHASE_STRIP = NO;
				DEBUG_INFORMATION_FORMAT = "dwarf-with-dsym";
				ENABLE_NS_ASSERTIONS = NO;
				ENABLE_STRICT_OBJC_MSGSEND = YES;
				GCC_C_LANGUAGE_STANDARD = gnu11;
				GCC_NO_COMMON_BLOCKS = YES;
				GCC_WARN_64_TO_32_BIT_CONVERSION = YES;
				GCC_WARN_ABOUT_RETURN_TYPE = YES_ERROR;
				GCC_WARN_UNDECLARED_SELECTOR = YES;
				GCC_WARN_UNINITIALIZED_AUTOS = YES_AGGRESSIVE;
				GCC_WARN_UNUSED_FUNCTION = YES;
				GCC_WARN_UNUSED_VARIABLE = YES;
				IPHONEOS_DEPLOYMENT_TARGET = 11.0;
				MTL_ENABLE_DEBUG_INFO = NO;
				SDKROOT = iphoneos;
				SWIFT_OPTIMIZATION_LEVEL = "-Owholemodule";
				VALIDATE_PRODUCT = YES;
			};
			name = Release;
		};
		4691EEF021F8BAF80082DF98 /* Debug */ = {
			isa = XCBuildConfiguration;
			buildSettings = {
				ASSETCATALOG_COMPILER_APPICON_NAME = AppIcon;
				CODE_SIGN_STYLE = Automatic;
				INFOPLIST_FILE = Lab2New/Info.plist;
				IPHONEOS_DEPLOYMENT_TARGET = 11.0;
				LD_RUNPATH_SEARCH_PATHS = "$(inherited) @executable_path/Frameworks";
				PRODUCT_BUNDLE_IDENTIFIER = lab2.Lab2New;
				PRODUCT_NAME = "$(TARGET_NAME)";
				SWIFT_VERSION = 4.0;
				TARGETED_DEVICE_FAMILY = "1,2";
			};
			name = Debug;
		};
		4691EEF121F8BAF80082DF98 /* Release */ = {
			isa = XCBuildConfiguration;
			buildSettings = {
				ASSETCATALOG_COMPILER_APPICON_NAME = AppIcon;
				CODE_SIGN_STYLE = Automatic;
				INFOPLIST_FILE = Lab2New/Info.plist;
				IPHONEOS_DEPLOYMENT_TARGET = 11.0;
				LD_RUNPATH_SEARCH_PATHS = "$(inherited) @executable_path/Frameworks";
				PRODUCT_BUNDLE_IDENTIFIER = lab2.Lab2New;
				PRODUCT_NAME = "$(TARGET_NAME)";
				SWIFT_VERSION = 4.0;
				TARGETED_DEVICE_FAMILY = "1,2";
			};
			name = Release;
		};
		4691EEF321F8BAF80082DF98 /* Debug */ = {
			isa = XCBuildConfiguration;
			buildSettings = {
				ALWAYS_EMBED_SWIFT_STANDARD_LIBRARIES = YES;
				BUNDLE_LOADER = "$(TEST_HOST)";
				CODE_SIGN_STYLE = Automatic;
				INFOPLIST_FILE = Lab2NewTests/Info.plist;
				LD_RUNPATH_SEARCH_PATHS = "$(inherited) @executable_path/Frameworks @loader_path/Frameworks";
				PRODUCT_BUNDLE_IDENTIFIER = lab2.Lab2NewTests;
				PRODUCT_NAME = "$(TARGET_NAME)";
				SWIFT_VERSION = 4.0;
				TARGETED_DEVICE_FAMILY = "1,2";
				TEST_HOST = "$(BUILT_PRODUCTS_DIR)/Lab2New.app/Lab2New";
			};
			name = Debug;
		};
		4691EEF421F8BAF80082DF98 /* Release */ = {
			isa = XCBuildConfiguration;
			buildSettings = {
				ALWAYS_EMBED_SWIFT_STANDARD_LIBRARIES = YES;
				BUNDLE_LOADER = "$(TEST_HOST)";
				CODE_SIGN_STYLE = Automatic;
				INFOPLIST_FILE = Lab2NewTests/Info.plist;
				LD_RUNPATH_SEARCH_PATHS = "$(inherited) @executable_path/Frameworks @loader_path/Frameworks";
				PRODUCT_BUNDLE_IDENTIFIER = lab2.Lab2NewTests;
				PRODUCT_NAME = "$(TARGET_NAME)";
				SWIFT_VERSION = 4.0;
				TARGETED_DEVICE_FAMILY = "1,2";
				TEST_HOST = "$(BUILT_PRODUCTS_DIR)/Lab2New.app/Lab2New";
			};
			name = Release;
		};
		4691EEF621F8BAF80082DF98 /* Debug */ = {
			isa = XCBuildConfiguration;
			buildSettings = {
				ALWAYS_EMBED_SWIFT_STANDARD_LIBRARIES = YES;
				CODE_SIGN_STYLE = Automatic;
				INFOPLIST_FILE = Lab2NewUITests/Info.plist;
				LD_RUNPATH_SEARCH_PATHS = "$(inherited) @executable_path/Frameworks @loader_path/Frameworks";
				PRODUCT_BUNDLE_IDENTIFIER = lab2.Lab2NewUITests;
				PRODUCT_NAME = "$(TARGET_NAME)";
				SWIFT_VERSION = 4.0;
				TARGETED_DEVICE_FAMILY = "1,2";
				TEST_TARGET_NAME = Lab2New;
			};
			name = Debug;
		};
		4691EEF721F8BAF80082DF98 /* Release */ = {
			isa = XCBuildConfiguration;
			buildSettings = {
				ALWAYS_EMBED_SWIFT_STANDARD_LIBRARIES = YES;
				CODE_SIGN_STYLE = Automatic;
				INFOPLIST_FILE = Lab2NewUITests/Info.plist;
				LD_RUNPATH_SEARCH_PATHS = "$(inherited) @executable_path/Frameworks @loader_path/Frameworks";
				PRODUCT_BUNDLE_IDENTIFIER = lab2.Lab2NewUITests;
				PRODUCT_NAME = "$(TARGET_NAME)";
				SWIFT_VERSION = 4.0;
				TARGETED_DEVICE_FAMILY = "1,2";
				TEST_TARGET_NAME = Lab2New;
			};
			name = Release;
		};
/* End XCBuildConfiguration section */

/* Begin XCConfigurationList section */
		4691EEC221F8BAF80082DF98 /* Build configuration list for PBXProject "Lab2New" */ = {
			isa = XCConfigurationList;
			buildConfigurations = (
				4691EEED21F8BAF80082DF98 /* Debug */,
				4691EEEE21F8BAF80082DF98 /* Release */,
			);
			defaultConfigurationIsVisible = 0;
			defaultConfigurationName = Release;
		};
		4691EEEF21F8BAF80082DF98 /* Build configuration list for PBXNativeTarget "Lab2New" */ = {
			isa = XCConfigurationList;
			buildConfigurations = (
				4691EEF021F8BAF80082DF98 /* Debug */,
				4691EEF121F8BAF80082DF98 /* Release */,
			);
			defaultConfigurationIsVisible = 0;
			defaultConfigurationName = Release;
		};
		4691EEF221F8BAF80082DF98 /* Build configuration list for PBXNativeTarget "Lab2NewTests" */ = {
			isa = XCConfigurationList;
			buildConfigurations = (
				4691EEF321F8BAF80082DF98 /* Debug */,
				4691EEF421F8BAF80082DF98 /* Release */,
			);
			defaultConfigurationIsVisible = 0;
			defaultConfigurationName = Release;
		};
		4691EEF521F8BAF80082DF98 /* Build configuration list for PBXNativeTarget "Lab2NewUITests" */ = {
			isa = XCConfigurationList;
			buildConfigurations = (
				4691EEF621F8BAF80082DF98 /* Debug */,
				4691EEF721F8BAF80082DF98 /* Release */,
			);
			defaultConfigurationIsVisible = 0;
			defaultConfigurationName = Release;
		};
/* End XCConfigurationList section */
	};
	rootObject = 4691EEBF21F8BAF80082DF98 /* Project object */;
}
