// !$*UTF8*$!
{
	archiveVersion = 1;
	classes = {
	};
	objectVersion = 50;
	objects = {

/* Begin PBXBuildFile section */
		BB4365A3223FF6A50087FB23 /* AppDelegate.swift in Sources */ = {isa = PBXBuildFile; fileRef = BB4365A2223FF6A50087FB23 /* AppDelegate.swift */; };
		BB4365A5223FF6A50087FB23 /* ViewController.swift in Sources */ = {isa = PBXBuildFile; fileRef = BB4365A4223FF6A50087FB23 /* ViewController.swift */; };
		BB4365A8223FF6A50087FB23 /* Main.storyboard in Resources */ = {isa = PBXBuildFile; fileRef = BB4365A6223FF6A50087FB23 /* Main.storyboard */; };
		BB4365AA223FF6A60087FB23 /* Assets.xcassets in Resources */ = {isa = PBXBuildFile; fileRef = BB4365A9223FF6A60087FB23 /* Assets.xcassets */; };
		BB4365AD223FF6A60087FB23 /* LaunchScreen.storyboard in Resources */ = {isa = PBXBuildFile; fileRef = BB4365AB223FF6A60087FB23 /* LaunchScreen.storyboard */; };
/* End PBXBuildFile section */

/* Begin PBXFileReference section */
		BB43659F223FF6A40087FB23 /* Week_Nine_Gesture.app */ = {isa = PBXFileReference; explicitFileType = wrapper.application; includeInIndex = 0; path = Week_Nine_Gesture.app; sourceTree = BUILT_PRODUCTS_DIR; };
		BB4365A2223FF6A50087FB23 /* AppDelegate.swift */ = {isa = PBXFileReference; lastKnownFileType = sourcecode.swift; path = AppDelegate.swift; sourceTree = "<group>"; };
		BB4365A4223FF6A50087FB23 /* ViewController.swift */ = {isa = PBXFileReference; lastKnownFileType = sourcecode.swift; path = ViewController.swift; sourceTree = "<group>"; };
		BB4365A7223FF6A50087FB23 /* Base */ = {isa = PBXFileReference; lastKnownFileType = file.storyboard; name = Base; path = Base.lproj/Main.storyboard; sourceTree = "<group>"; };
		BB4365A9223FF6A60087FB23 /* Assets.xcassets */ = {isa = PBXFileReference; lastKnownFileType = folder.assetcatalog; path = Assets.xcassets; sourceTree = "<group>"; };
		BB4365AC223FF6A60087FB23 /* Base */ = {isa = PBXFileReference; lastKnownFileType = file.storyboard; name = Base; path = Base.lproj/LaunchScreen.storyboard; sourceTree = "<group>"; };
		BB4365AE223FF6A60087FB23 /* Info.plist */ = {isa = PBXFileReference; lastKnownFileType = text.plist.xml; path = Info.plist; sourceTree = "<group>"; };
/* End PBXFileReference section */

/* Begin PBXFrameworksBuildPhase section */
		BB43659C223FF6A40087FB23 /* Frameworks */ = {
			isa = PBXFrameworksBuildPhase;
			buildActionMask = 2147483647;
			files = (
			);
			runOnlyForDeploymentPostprocessing = 0;
		};
/* End PBXFrameworksBuildPhase section */

/* Begin PBXGroup section */
		BB436596223FF6A40087FB23 = {
			isa = PBXGroup;
			children = (
				BB4365A1223FF6A40087FB23 /* Week_Nine_Gesture */,
				BB4365A0223FF6A40087FB23 /* Products */,
			);
			sourceTree = "<group>";
		};
		BB4365A0223FF6A40087FB23 /* Products */ = {
			isa = PBXGroup;
			children = (
				BB43659F223FF6A40087FB23 /* Week_Nine_Gesture.app */,
			);
			name = Products;
			sourceTree = "<group>";
		};
		BB4365A1223FF6A40087FB23 /* Week_Nine_Gesture */ = {
			isa = PBXGroup;
			children = (
				BB4365A2223FF6A50087FB23 /* AppDelegate.swift */,
				BB4365A4223FF6A50087FB23 /* ViewController.swift */,
				BB4365A6223FF6A50087FB23 /* Main.storyboard */,
				BB4365A9223FF6A60087FB23 /* Assets.xcassets */,
				BB4365AB223FF6A60087FB23 /* LaunchScreen.storyboard */,
				BB4365AE223FF6A60087FB23 /* Info.plist */,
			);
			path = Week_Nine_Gesture;
			sourceTree = "<group>";
		};
/* End PBXGroup section */

/* Begin PBXNativeTarget section */
		BB43659E223FF6A40087FB23 /* Week_Nine_Gesture */ = {
			isa = PBXNativeTarget;
			buildConfigurationList = BB4365B1223FF6A60087FB23 /* Build configuration list for PBXNativeTarget "Week_Nine_Gesture" */;
			buildPhases = (
				BB43659B223FF6A40087FB23 /* Sources */,
				BB43659C223FF6A40087FB23 /* Frameworks */,
				BB43659D223FF6A40087FB23 /* Resources */,
			);
			buildRules = (
			);
			dependencies = (
			);
			name = Week_Nine_Gesture;
			productName = Week_Nine_Gesture;
			productReference = BB43659F223FF6A40087FB23 /* Week_Nine_Gesture.app */;
			productType = "com.apple.product-type.application";
		};
/* End PBXNativeTarget section */

/* Begin PBXProject section */
		BB436597223FF6A40087FB23 /* Project object */ = {
			isa = PBXProject;
			attributes = {
				LastSwiftUpdateCheck = 1010;
				LastUpgradeCheck = 1010;
				ORGANIZATIONNAME = Alireza;
				TargetAttributes = {
					BB43659E223FF6A40087FB23 = {
						CreatedOnToolsVersion = 10.1;
					};
				};
			};
			buildConfigurationList = BB43659A223FF6A40087FB23 /* Build configuration list for PBXProject "Week_Nine_Gesture" */;
			compatibilityVersion = "Xcode 9.3";
			developmentRegion = en;
			hasScannedForEncodings = 0;
			knownRegions = (
				en,
				Base,
			);
			mainGroup = BB436596223FF6A40087FB23;
			productRefGroup = BB4365A0223FF6A40087FB23 /* Products */;
			projectDirPath = "";
			projectRoot = "";
			targets = (
				BB43659E223FF6A40087FB23 /* Week_Nine_Gesture */,
			);
		};
/* End PBXProject section */

/* Begin PBXResourcesBuildPhase section */
		BB43659D223FF6A40087FB23 /* Resources */ = {
			isa = PBXResourcesBuildPhase;
			buildActionMask = 2147483647;
			files = (
				BB4365AD223FF6A60087FB23 /* LaunchScreen.storyboard in Resources */,
				BB4365AA223FF6A60087FB23 /* Assets.xcassets in Resources */,
				BB4365A8223FF6A50087FB23 /* Main.storyboard in Resources */,
			);
			runOnlyForDeploymentPostprocessing = 0;
		};
/* End PBXResourcesBuildPhase section */

/* Begin PBXSourcesBuildPhase section */
		BB43659B223FF6A40087FB23 /* Sources */ = {
			isa = PBXSourcesBuildPhase;
			buildActionMask = 2147483647;
			files = (
				BB4365A5223FF6A50087FB23 /* ViewController.swift in Sources */,
				BB4365A3223FF6A50087FB23 /* AppDelegate.swift in Sources */,
			);
			runOnlyForDeploymentPostprocessing = 0;
		};
/* End PBXSourcesBuildPhase section */

/* Begin PBXVariantGroup section */
		BB4365A6223FF6A50087FB23 /* Main.storyboard */ = {
			isa = PBXVariantGroup;
			children = (
				BB4365A7223FF6A50087FB23 /* Base */,
			);
			name = Main.storyboard;
			sourceTree = "<group>";
		};
		BB4365AB223FF6A60087FB23 /* LaunchScreen.storyboard */ = {
			isa = PBXVariantGroup;
			children = (
				BB4365AC223FF6A60087FB23 /* Base */,
			);
			name = LaunchScreen.storyboard;
			sourceTree = "<group>";
		};
/* End PBXVariantGroup section */

/* Begin XCBuildConfiguration section */
		BB4365AF223FF6A60087FB23 /* Debug */ = {
			isa = XCBuildConfiguration;
			buildSettings = {
				ALWAYS_SEARCH_USER_PATHS = NO;
				CLANG_ANALYZER_NONNULL = YES;
				CLANG_ANALYZER_NUMBER_OBJECT_CONVERSION = YES_AGGRESSIVE;
				CLANG_CXX_LANGUAGE_STANDARD = "gnu++14";
				CLANG_CXX_LIBRARY = "libc++";
				CLANG_ENABLE_MODULES = YES;
				CLANG_ENABLE_OBJC_ARC = YES;
				CLANG_ENABLE_OBJC_WEAK = YES;
				CLANG_WARN_BLOCK_CAPTURE_AUTORELEASING = YES;
				CLANG_WARN_BOOL_CONVERSION = YES;
				CLANG_WARN_COMMA = YES;
				CLANG_WARN_CONSTANT_CONVERSION = YES;
				CLANG_WARN_DEPRECATED_OBJC_IMPLEMENTATIONS = YES;
				CLANG_WARN_DIRECT_OBJC_ISA_USAGE = YES_ERROR;
				CLANG_WARN_DOCUMENTATION_COMMENTS = YES;
				CLANG_WARN_EMPTY_BODY = YES;
				CLANG_WARN_ENUM_CONVERSION = YES;
				CLANG_WARN_INFINITE_RECURSION = YES;
				CLANG_WARN_INT_CONVERSION = YES;
				CLANG_WARN_NON_LITERAL_NULL_CONVERSION = YES;
				CLANG_WARN_OBJC_IMPLICIT_RETAIN_SELF = YES;
				CLANG_WARN_OBJC_LITERAL_CONVERSION = YES;
				CLANG_WARN_OBJC_ROOT_CLASS = YES_ERROR;
				CLANG_WARN_RANGE_LOOP_ANALYSIS = YES;
				CLANG_WARN_STRICT_PROTOTYPES = YES;
				CLANG_WARN_SUSPICIOUS_MOVE = YES;
				CLANG_WARN_UNGUARDED_AVAILABILITY = YES_AGGRESSIVE;
				CLANG_WARN_UNREACHABLE_CODE = YES;
				CLANG_WARN__DUPLICATE_METHOD_MATCH = YES;
				CODE_SIGN_IDENTITY = "iPhone Developer";
				COPY_PHASE_STRIP = NO;
				DEBUG_INFORMATION_FORMAT = dwarf;
				ENABLE_STRICT_OBJC_MSGSEND = YES;
				ENABLE_TESTABILITY = YES;
				GCC_C_LANGUAGE_STANDARD = gnu11;
				GCC_DYNAMIC_NO_PIC = NO;
				GCC_NO_COMMON_BLOCKS = YES;
				GCC_OPTIMIZATION_LEVEL = 0;
				GCC_PREPROCESSOR_DEFINITIONS = (
					"DEBUG=1",
					"$(inherited)",
				);
				GCC_WARN_64_TO_32_BIT_CONVERSION = YES;
				GCC_WARN_ABOUT_RETURN_TYPE = YES_ERROR;
				GCC_WARN_UNDECLARED_SELECTOR = YES;
				GCC_WARN_UNINITIALIZED_AUTOS = YES_AGGRESSIVE;
				GCC_WARN_UNUSED_FUNCTION = YES;
				GCC_WARN_UNUSED_VARIABLE = YES;
				IPHONEOS_DEPLOYMENT_TARGET = 12.1;
				MTL_ENABLE_DEBUG_INFO = INCLUDE_SOURCE;
				MTL_FAST_MATH = YES;
				ONLY_ACTIVE_ARCH = YES;
				SDKROOT = iphoneos;
				SWIFT_ACTIVE_COMPILATION_CONDITIONS = DEBUG;
				SWIFT_OPTIMIZATION_LEVEL = "-Onone";
			};
			name = Debug;
		};
		BB4365B0223FF6A60087FB23 /* Release */ = {
			isa = XCBuildConfiguration;
			buildSettings = {
				ALWAYS_SEARCH_USER_PATHS = NO;
				CLANG_ANALYZER_NONNULL = YES;
				CLANG_ANALYZER_NUMBER_OBJECT_CONVERSION = YES_AGGRESSIVE;
				CLANG_CXX_LANGUAGE_STANDARD = "gnu++14";
				CLANG_CXX_LIBRARY = "libc++";
				CLANG_ENABLE_MODULES = YES;
				CLANG_ENABLE_OBJC_ARC = YES;
				CLANG_ENABLE_OBJC_WEAK = YES;
				CLANG_WARN_BLOCK_CAPTURE_AUTORELEASING = YES;
				CLANG_WARN_BOOL_CONVERSION = YES;
				CLANG_WARN_COMMA = YES;
				CLANG_WARN_CONSTANT_CONVERSION = YES;
				CLANG_WARN_DEPRECATED_OBJC_IMPLEMENTATIONS = YES;
				CLANG_WARN_DIRECT_OBJC_ISA_USAGE = YES_ERROR;
				CLANG_WARN_DOCUMENTATION_COMMENTS = YES;
				CLANG_WARN_EMPTY_BODY = YES;
				CLANG_WARN_ENUM_CONVERSION = YES;
				CLANG_WARN_INFINITE_RECURSION = YES;
				CLANG_WARN_INT_CONVERSION = YES;
				CLANG_WARN_NON_LITERAL_NULL_CONVERSION = YES;
				CLANG_WARN_OBJC_IMPLICIT_RETAIN_SELF = YES;
				CLANG_WARN_OBJC_LITERAL_CONVERSION = YES;
				CLANG_WARN_OBJC_ROOT_CLASS = YES_ERROR;
				CLANG_WARN_RANGE_LOOP_ANALYSIS = YES;
				CLANG_WARN_STRICT_PROTOTYPES = YES;
				CLANG_WARN_SUSPICIOUS_MOVE = YES;
				CLANG_WARN_UNGUARDED_AVAILABILITY = YES_AGGRESSIVE;
				CLANG_WARN_UNREACHABLE_CODE = YES;
				CLANG_WARN__DUPLICATE_METHOD_MATCH = YES;
				CODE_SIGN_IDENTITY = "iPhone Developer";
				COPY_PHASE_STRIP = NO;
				DEBUG_INFORMATION_FORMAT = "dwarf-with-dsym";
				ENABLE_NS_ASSERTIONS = NO;
				ENABLE_STRICT_OBJC_MSGSEND = YES;
				GCC_C_LANGUAGE_STANDARD = gnu11;
				GCC_NO_COMMON_BLOCKS = YES;
				GCC_WARN_64_TO_32_BIT_CONVERSION = YES;
				GCC_WARN_ABOUT_RETURN_TYPE = YES_ERROR;
				GCC_WARN_UNDECLARED_SELECTOR = YES;
				GCC_WARN_UNINITIALIZED_AUTOS = YES_AGGRESSIVE;
				GCC_WARN_UNUSED_FUNCTION = YES;
				GCC_WARN_UNUSED_VARIABLE = YES;
				IPHONEOS_DEPLOYMENT_TARGET = 12.1;
				MTL_ENABLE_DEBUG_INFO = NO;
				MTL_FAST_MATH = YES;
				SDKROOT = iphoneos;
				SWIFT_COMPILATION_MODE = wholemodule;
				SWIFT_OPTIMIZATION_LEVEL = "-O";
				VALIDATE_PRODUCT = YES;
			};
			name = Release;
		};
		BB4365B2223FF6A60087FB23 /* Debug */ = {
			isa = XCBuildConfiguration;
			buildSettings = {
				ASSETCATALOG_COMPILER_APPICON_NAME = AppIcon;
				CODE_SIGN_STYLE = Automatic;
				DEVELOPMENT_TEAM = 35JKS9G9KM;
				INFOPLIST_FILE = Week_Nine_Gesture/Info.plist;
				LD_RUNPATH_SEARCH_PATHS = (
					"$(inherited)",
					"@executable_path/Frameworks",
				);
				PRODUCT_BUNDLE_IDENTIFIER = "ca.seneca.Week-Nine-Gesture";
				PRODUCT_NAME = "$(TARGET_NAME)";
				SWIFT_VERSION = 4.2;
				TARGETED_DEVICE_FAMILY = "1,2";
			};
			name = Debug;
		};
		BB4365B3223FF6A60087FB23 /* Release */ = {
			isa = XCBuildConfiguration;
			buildSettings = {
				ASSETCATALOG_COMPILER_APPICON_NAME = AppIcon;
				CODE_SIGN_STYLE = Automatic;
				DEVELOPMENT_TEAM = 35JKS9G9KM;
				INFOPLIST_FILE = Week_Nine_Gesture/Info.plist;
				LD_RUNPATH_SEARCH_PATHS = (
					"$(inherited)",
					"@executable_path/Frameworks",
				);
				PRODUCT_BUNDLE_IDENTIFIER = "ca.seneca.Week-Nine-Gesture";
				PRODUCT_NAME = "$(TARGET_NAME)";
				SWIFT_VERSION = 4.2;
				TARGETED_DEVICE_FAMILY = "1,2";
			};
			name = Release;
		};
/* End XCBuildConfiguration section */

/* Begin XCConfigurationList section */
		BB43659A223FF6A40087FB23 /* Build configuration list for PBXProject "Week_Nine_Gesture" */ = {
			isa = XCConfigurationList;
			buildConfigurations = (
				BB4365AF223FF6A60087FB23 /* Debug */,
				BB4365B0223FF6A60087FB23 /* Release */,
			);
			defaultConfigurationIsVisible = 0;
			defaultConfigurationName = Release;
		};
		BB4365B1223FF6A60087FB23 /* Build configuration list for PBXNativeTarget "Week_Nine_Gesture" */ = {
			isa = XCConfigurationList;
			buildConfigurations = (
				BB4365B2223FF6A60087FB23 /* Debug */,
				BB4365B3223FF6A60087FB23 /* Release */,
			);
			defaultConfigurationIsVisible = 0;
			defaultConfigurationName = Release;
		};
/* End XCConfigurationList section */
	};
	rootObject = BB436597223FF6A40087FB23 /* Project object */;
}
