// !$*UTF8*$!
{
	archiveVersion = 1;
	classes = {
	};
	objectVersion = 50;
	objects = {

/* Begin PBXBuildFile section */
		BB64723E2249311800D493BF /* AppDelegate.swift in Sources */ = {isa = PBXBuildFile; fileRef = BB64723D2249311800D493BF /* AppDelegate.swift */; };
		BB6472402249311800D493BF /* ViewController.swift in Sources */ = {isa = PBXBuildFile; fileRef = BB64723F2249311800D493BF /* ViewController.swift */; };
		BB6472432249311800D493BF /* Main.storyboard in Resources */ = {isa = PBXBuildFile; fileRef = BB6472412249311800D493BF /* Main.storyboard */; };
		BB6472452249311900D493BF /* Assets.xcassets in Resources */ = {isa = PBXBuildFile; fileRef = BB6472442249311900D493BF /* Assets.xcassets */; };
		BB6472482249311900D493BF /* LaunchScreen.storyboard in Resources */ = {isa = PBXBuildFile; fileRef = BB6472462249311900D493BF /* LaunchScreen.storyboard */; };
		BB64724D2249311900D493BF /* Week_Nine_Apple_Watch WatchKit App.app in Embed Watch Content */ = {isa = PBXBuildFile; fileRef = BB64724C2249311900D493BF /* Week_Nine_Apple_Watch WatchKit App.app */; };
		BB6472532249311900D493BF /* Interface.storyboard in Resources */ = {isa = PBXBuildFile; fileRef = BB6472512249311900D493BF /* Interface.storyboard */; };
		BB6472552249311900D493BF /* Assets.xcassets in Resources */ = {isa = PBXBuildFile; fileRef = BB6472542249311900D493BF /* Assets.xcassets */; };
		BB64725C2249311900D493BF /* Week_Nine_Apple_Watch WatchKit Extension.appex in Embed App Extensions */ = {isa = PBXBuildFile; fileRef = BB64725B2249311900D493BF /* Week_Nine_Apple_Watch WatchKit Extension.appex */; settings = {ATTRIBUTES = (RemoveHeadersOnCopy, ); }; };
		BB6472612249311900D493BF /* InterfaceController.swift in Sources */ = {isa = PBXBuildFile; fileRef = BB6472602249311900D493BF /* InterfaceController.swift */; };
		BB6472632249311900D493BF /* ExtensionDelegate.swift in Sources */ = {isa = PBXBuildFile; fileRef = BB6472622249311900D493BF /* ExtensionDelegate.swift */; };
		BB6472652249311A00D493BF /* Assets.xcassets in Resources */ = {isa = PBXBuildFile; fileRef = BB6472642249311A00D493BF /* Assets.xcassets */; };
/* End PBXBuildFile section */

/* Begin PBXContainerItemProxy section */
		BB64724E2249311900D493BF /* PBXContainerItemProxy */ = {
			isa = PBXContainerItemProxy;
			containerPortal = BB6472322249311800D493BF /* Project object */;
			proxyType = 1;
			remoteGlobalIDString = BB64724B2249311900D493BF;
			remoteInfo = "Week_Nine_Apple_Watch WatchKit App";
		};
		BB64725D2249311900D493BF /* PBXContainerItemProxy */ = {
			isa = PBXContainerItemProxy;
			containerPortal = BB6472322249311800D493BF /* Project object */;
			proxyType = 1;
			remoteGlobalIDString = BB64725A2249311900D493BF;
			remoteInfo = "Week_Nine_Apple_Watch WatchKit Extension";
		};
/* End PBXContainerItemProxy section */

/* Begin PBXCopyFilesBuildPhase section */
		BB64726C2249311A00D493BF /* Embed App Extensions */ = {
			isa = PBXCopyFilesBuildPhase;
			buildActionMask = 2147483647;
			dstPath = "";
			dstSubfolderSpec = 13;
			files = (
				BB64725C2249311900D493BF /* Week_Nine_Apple_Watch WatchKit Extension.appex in Embed App Extensions */,
			);
			name = "Embed App Extensions";
			runOnlyForDeploymentPostprocessing = 0;
		};
		BB6472702249311A00D493BF /* Embed Watch Content */ = {
			isa = PBXCopyFilesBuildPhase;
			buildActionMask = 2147483647;
			dstPath = "$(CONTENTS_FOLDER_PATH)/Watch";
			dstSubfolderSpec = 16;
			files = (
				BB64724D2249311900D493BF /* Week_Nine_Apple_Watch WatchKit App.app in Embed Watch Content */,
			);
			name = "Embed Watch Content";
			runOnlyForDeploymentPostprocessing = 0;
		};
/* End PBXCopyFilesBuildPhase section */

/* Begin PBXFileReference section */
		BB64723A2249311800D493BF /* Week_Nine_Apple_Watch.app */ = {isa = PBXFileReference; explicitFileType = wrapper.application; includeInIndex = 0; path = Week_Nine_Apple_Watch.app; sourceTree = BUILT_PRODUCTS_DIR; };
		BB64723D2249311800D493BF /* AppDelegate.swift */ = {isa = PBXFileReference; lastKnownFileType = sourcecode.swift; path = AppDelegate.swift; sourceTree = "<group>"; };
		BB64723F2249311800D493BF /* ViewController.swift */ = {isa = PBXFileReference; lastKnownFileType = sourcecode.swift; path = ViewController.swift; sourceTree = "<group>"; };
		BB6472422249311800D493BF /* Base */ = {isa = PBXFileReference; lastKnownFileType = file.storyboard; name = Base; path = Base.lproj/Main.storyboard; sourceTree = "<group>"; };
		BB6472442249311900D493BF /* Assets.xcassets */ = {isa = PBXFileReference; lastKnownFileType = folder.assetcatalog; path = Assets.xcassets; sourceTree = "<group>"; };
		BB6472472249311900D493BF /* Base */ = {isa = PBXFileReference; lastKnownFileType = file.storyboard; name = Base; path = Base.lproj/LaunchScreen.storyboard; sourceTree = "<group>"; };
		BB6472492249311900D493BF /* Info.plist */ = {isa = PBXFileReference; lastKnownFileType = text.plist.xml; path = Info.plist; sourceTree = "<group>"; };
		BB64724C2249311900D493BF /* Week_Nine_Apple_Watch WatchKit App.app */ = {isa = PBXFileReference; explicitFileType = wrapper.application; includeInIndex = 0; path = "Week_Nine_Apple_Watch WatchKit App.app"; sourceTree = BUILT_PRODUCTS_DIR; };
		BB6472522249311900D493BF /* Base */ = {isa = PBXFileReference; lastKnownFileType = file.storyboard; name = Base; path = Base.lproj/Interface.storyboard; sourceTree = "<group>"; };
		BB6472542249311900D493BF /* Assets.xcassets */ = {isa = PBXFileReference; lastKnownFileType = folder.assetcatalog; path = Assets.xcassets; sourceTree = "<group>"; };
		BB6472562249311900D493BF /* Info.plist */ = {isa = PBXFileReference; lastKnownFileType = text.plist.xml; path = Info.plist; sourceTree = "<group>"; };
		BB64725B2249311900D493BF /* Week_Nine_Apple_Watch WatchKit Extension.appex */ = {isa = PBXFileReference; explicitFileType = "wrapper.app-extension"; includeInIndex = 0; path = "Week_Nine_Apple_Watch WatchKit Extension.appex"; sourceTree = BUILT_PRODUCTS_DIR; };
		BB6472602249311900D493BF /* InterfaceController.swift */ = {isa = PBXFileReference; lastKnownFileType = sourcecode.swift; path = InterfaceController.swift; sourceTree = "<group>"; };
		BB6472622249311900D493BF /* ExtensionDelegate.swift */ = {isa = PBXFileReference; lastKnownFileType = sourcecode.swift; path = ExtensionDelegate.swift; sourceTree = "<group>"; };
		BB6472642249311A00D493BF /* Assets.xcassets */ = {isa = PBXFileReference; lastKnownFileType = folder.assetcatalog; path = Assets.xcassets; sourceTree = "<group>"; };
		BB6472662249311A00D493BF /* Info.plist */ = {isa = PBXFileReference; lastKnownFileType = text.plist.xml; path = Info.plist; sourceTree = "<group>"; };
/* End PBXFileReference section */

/* Begin PBXFrameworksBuildPhase section */
		BB6472372249311800D493BF /* Frameworks */ = {
			isa = PBXFrameworksBuildPhase;
			buildActionMask = 2147483647;
			files = (
			);
			runOnlyForDeploymentPostprocessing = 0;
		};
		BB6472582249311900D493BF /* Frameworks */ = {
			isa = PBXFrameworksBuildPhase;
			buildActionMask = 2147483647;
			files = (
			);
			runOnlyForDeploymentPostprocessing = 0;
		};
/* End PBXFrameworksBuildPhase section */

/* Begin PBXGroup section */
		BB6472312249311800D493BF = {
			isa = PBXGroup;
			children = (
				BB64723C2249311800D493BF /* Week_Nine_Apple_Watch */,
				BB6472502249311900D493BF /* Week_Nine_Apple_Watch WatchKit App */,
				BB64725F2249311900D493BF /* Week_Nine_Apple_Watch WatchKit Extension */,
				BB64723B2249311800D493BF /* Products */,
			);
			sourceTree = "<group>";
		};
		BB64723B2249311800D493BF /* Products */ = {
			isa = PBXGroup;
			children = (
				BB64723A2249311800D493BF /* Week_Nine_Apple_Watch.app */,
				BB64724C2249311900D493BF /* Week_Nine_Apple_Watch WatchKit App.app */,
				BB64725B2249311900D493BF /* Week_Nine_Apple_Watch WatchKit Extension.appex */,
			);
			name = Products;
			sourceTree = "<group>";
		};
		BB64723C2249311800D493BF /* Week_Nine_Apple_Watch */ = {
			isa = PBXGroup;
			children = (
				BB64723D2249311800D493BF /* AppDelegate.swift */,
				BB64723F2249311800D493BF /* ViewController.swift */,
				BB6472412249311800D493BF /* Main.storyboard */,
				BB6472442249311900D493BF /* Assets.xcassets */,
				BB6472462249311900D493BF /* LaunchScreen.storyboard */,
				BB6472492249311900D493BF /* Info.plist */,
			);
			path = Week_Nine_Apple_Watch;
			sourceTree = "<group>";
		};
		BB6472502249311900D493BF /* Week_Nine_Apple_Watch WatchKit App */ = {
			isa = PBXGroup;
			children = (
				BB6472512249311900D493BF /* Interface.storyboard */,
				BB6472542249311900D493BF /* Assets.xcassets */,
				BB6472562249311900D493BF /* Info.plist */,
			);
			path = "Week_Nine_Apple_Watch WatchKit App";
			sourceTree = "<group>";
		};
		BB64725F2249311900D493BF /* Week_Nine_Apple_Watch WatchKit Extension */ = {
			isa = PBXGroup;
			children = (
				BB6472602249311900D493BF /* InterfaceController.swift */,
				BB6472622249311900D493BF /* ExtensionDelegate.swift */,
				BB6472642249311A00D493BF /* Assets.xcassets */,
				BB6472662249311A00D493BF /* Info.plist */,
			);
			path = "Week_Nine_Apple_Watch WatchKit Extension";
			sourceTree = "<group>";
		};
/* End PBXGroup section */

/* Begin PBXNativeTarget section */
		BB6472392249311800D493BF /* Week_Nine_Apple_Watch */ = {
			isa = PBXNativeTarget;
			buildConfigurationList = BB6472712249311A00D493BF /* Build configuration list for PBXNativeTarget "Week_Nine_Apple_Watch" */;
			buildPhases = (
				BB6472362249311800D493BF /* Sources */,
				BB6472372249311800D493BF /* Frameworks */,
				BB6472382249311800D493BF /* Resources */,
				BB6472702249311A00D493BF /* Embed Watch Content */,
			);
			buildRules = (
			);
			dependencies = (
				BB64724F2249311900D493BF /* PBXTargetDependency */,
			);
			name = Week_Nine_Apple_Watch;
			productName = Week_Nine_Apple_Watch;
			productReference = BB64723A2249311800D493BF /* Week_Nine_Apple_Watch.app */;
			productType = "com.apple.product-type.application";
		};
		BB64724B2249311900D493BF /* Week_Nine_Apple_Watch WatchKit App */ = {
			isa = PBXNativeTarget;
			buildConfigurationList = BB64726D2249311A00D493BF /* Build configuration list for PBXNativeTarget "Week_Nine_Apple_Watch WatchKit App" */;
			buildPhases = (
				BB64724A2249311900D493BF /* Resources */,
				BB64726C2249311A00D493BF /* Embed App Extensions */,
			);
			buildRules = (
			);
			dependencies = (
				BB64725E2249311900D493BF /* PBXTargetDependency */,
			);
			name = "Week_Nine_Apple_Watch WatchKit App";
			productName = "Week_Nine_Apple_Watch WatchKit App";
			productReference = BB64724C2249311900D493BF /* Week_Nine_Apple_Watch WatchKit App.app */;
			productType = "com.apple.product-type.application.watchapp2";
		};
		BB64725A2249311900D493BF /* Week_Nine_Apple_Watch WatchKit Extension */ = {
			isa = PBXNativeTarget;
			buildConfigurationList = BB6472692249311A00D493BF /* Build configuration list for PBXNativeTarget "Week_Nine_Apple_Watch WatchKit Extension" */;
			buildPhases = (
				BB6472572249311900D493BF /* Sources */,
				BB6472582249311900D493BF /* Frameworks */,
				BB6472592249311900D493BF /* Resources */,
			);
			buildRules = (
			);
			dependencies = (
			);
			name = "Week_Nine_Apple_Watch WatchKit Extension";
			productName = "Week_Nine_Apple_Watch WatchKit Extension";
			productReference = BB64725B2249311900D493BF /* Week_Nine_Apple_Watch WatchKit Extension.appex */;
			productType = "com.apple.product-type.watchkit2-extension";
		};
/* End PBXNativeTarget section */

/* Begin PBXProject section */
		BB6472322249311800D493BF /* Project object */ = {
			isa = PBXProject;
			attributes = {
				LastSwiftUpdateCheck = 1010;
				LastUpgradeCheck = 1010;
				ORGANIZATIONNAME = Alireza;
				TargetAttributes = {
					BB6472392249311800D493BF = {
						CreatedOnToolsVersion = 10.1;
					};
					BB64724B2249311900D493BF = {
						CreatedOnToolsVersion = 10.1;
					};
					BB64725A2249311900D493BF = {
						CreatedOnToolsVersion = 10.1;
					};
				};
			};
			buildConfigurationList = BB6472352249311800D493BF /* Build configuration list for PBXProject "Week_Nine_Apple_Watch" */;
			compatibilityVersion = "Xcode 9.3";
			developmentRegion = en;
			hasScannedForEncodings = 0;
			knownRegions = (
				en,
				Base,
			);
			mainGroup = BB6472312249311800D493BF;
			productRefGroup = BB64723B2249311800D493BF /* Products */;
			projectDirPath = "";
			projectRoot = "";
			targets = (
				BB6472392249311800D493BF /* Week_Nine_Apple_Watch */,
				BB64724B2249311900D493BF /* Week_Nine_Apple_Watch WatchKit App */,
				BB64725A2249311900D493BF /* Week_Nine_Apple_Watch WatchKit Extension */,
			);
		};
/* End PBXProject section */

/* Begin PBXResourcesBuildPhase section */
		BB6472382249311800D493BF /* Resources */ = {
			isa = PBXResourcesBuildPhase;
			buildActionMask = 2147483647;
			files = (
				BB6472482249311900D493BF /* LaunchScreen.storyboard in Resources */,
				BB6472452249311900D493BF /* Assets.xcassets in Resources */,
				BB6472432249311800D493BF /* Main.storyboard in Resources */,
			);
			runOnlyForDeploymentPostprocessing = 0;
		};
		BB64724A2249311900D493BF /* Resources */ = {
			isa = PBXResourcesBuildPhase;
			buildActionMask = 2147483647;
			files = (
				BB6472552249311900D493BF /* Assets.xcassets in Resources */,
				BB6472532249311900D493BF /* Interface.storyboard in Resources */,
			);
			runOnlyForDeploymentPostprocessing = 0;
		};
		BB6472592249311900D493BF /* Resources */ = {
			isa = PBXResourcesBuildPhase;
			buildActionMask = 2147483647;
			files = (
				BB6472652249311A00D493BF /* Assets.xcassets in Resources */,
			);
			runOnlyForDeploymentPostprocessing = 0;
		};
/* End PBXResourcesBuildPhase section */

/* Begin PBXSourcesBuildPhase section */
		BB6472362249311800D493BF /* Sources */ = {
			isa = PBXSourcesBuildPhase;
			buildActionMask = 2147483647;
			files = (
				BB6472402249311800D493BF /* ViewController.swift in Sources */,
				BB64723E2249311800D493BF /* AppDelegate.swift in Sources */,
			);
			runOnlyForDeploymentPostprocessing = 0;
		};
		BB6472572249311900D493BF /* Sources */ = {
			isa = PBXSourcesBuildPhase;
			buildActionMask = 2147483647;
			files = (
				BB6472632249311900D493BF /* ExtensionDelegate.swift in Sources */,
				BB6472612249311900D493BF /* InterfaceController.swift in Sources */,
			);
			runOnlyForDeploymentPostprocessing = 0;
		};
/* End PBXSourcesBuildPhase section */

/* Begin PBXTargetDependency section */
		BB64724F2249311900D493BF /* PBXTargetDependency */ = {
			isa = PBXTargetDependency;
			target = BB64724B2249311900D493BF /* Week_Nine_Apple_Watch WatchKit App */;
			targetProxy = BB64724E2249311900D493BF /* PBXContainerItemProxy */;
		};
		BB64725E2249311900D493BF /* PBXTargetDependency */ = {
			isa = PBXTargetDependency;
			target = BB64725A2249311900D493BF /* Week_Nine_Apple_Watch WatchKit Extension */;
			targetProxy = BB64725D2249311900D493BF /* PBXContainerItemProxy */;
		};
/* End PBXTargetDependency section */

/* Begin PBXVariantGroup section */
		BB6472412249311800D493BF /* Main.storyboard */ = {
			isa = PBXVariantGroup;
			children = (
				BB6472422249311800D493BF /* Base */,
			);
			name = Main.storyboard;
			sourceTree = "<group>";
		};
		BB6472462249311900D493BF /* LaunchScreen.storyboard */ = {
			isa = PBXVariantGroup;
			children = (
				BB6472472249311900D493BF /* Base */,
			);
			name = LaunchScreen.storyboard;
			sourceTree = "<group>";
		};
		BB6472512249311900D493BF /* Interface.storyboard */ = {
			isa = PBXVariantGroup;
			children = (
				BB6472522249311900D493BF /* Base */,
			);
			name = Interface.storyboard;
			sourceTree = "<group>";
		};
/* End PBXVariantGroup section */

/* Begin XCBuildConfiguration section */
		BB6472672249311A00D493BF /* Debug */ = {
			isa = XCBuildConfiguration;
			buildSettings = {
				ALWAYS_SEARCH_USER_PATHS = NO;
				CLANG_ANALYZER_NONNULL = YES;
				CLANG_ANALYZER_NUMBER_OBJECT_CONVERSION = YES_AGGRESSIVE;
				CLANG_CXX_LANGUAGE_STANDARD = "gnu++14";
				CLANG_CXX_LIBRARY = "libc++";
				CLANG_ENABLE_MODULES = YES;
				CLANG_ENABLE_OBJC_ARC = YES;
				CLANG_ENABLE_OBJC_WEAK = YES;
				CLANG_WARN_BLOCK_CAPTURE_AUTORELEASING = YES;
				CLANG_WARN_BOOL_CONVERSION = YES;
				CLANG_WARN_COMMA = YES;
				CLANG_WARN_CONSTANT_CONVERSION = YES;
				CLANG_WARN_DEPRECATED_OBJC_IMPLEMENTATIONS = YES;
				CLANG_WARN_DIRECT_OBJC_ISA_USAGE = YES_ERROR;
				CLANG_WARN_DOCUMENTATION_COMMENTS = YES;
				CLANG_WARN_EMPTY_BODY = YES;
				CLANG_WARN_ENUM_CONVERSION = YES;
				CLANG_WARN_INFINITE_RECURSION = YES;
				CLANG_WARN_INT_CONVERSION = YES;
				CLANG_WARN_NON_LITERAL_NULL_CONVERSION = YES;
				CLANG_WARN_OBJC_IMPLICIT_RETAIN_SELF = YES;
				CLANG_WARN_OBJC_LITERAL_CONVERSION = YES;
				CLANG_WARN_OBJC_ROOT_CLASS = YES_ERROR;
				CLANG_WARN_RANGE_LOOP_ANALYSIS = YES;
				CLANG_WARN_STRICT_PROTOTYPES = YES;
				CLANG_WARN_SUSPICIOUS_MOVE = YES;
				CLANG_WARN_UNGUARDED_AVAILABILITY = YES_AGGRESSIVE;
				CLANG_WARN_UNREACHABLE_CODE = YES;
				CLANG_WARN__DUPLICATE_METHOD_MATCH = YES;
				CODE_SIGN_IDENTITY = "iPhone Developer";
				COPY_PHASE_STRIP = NO;
				DEBUG_INFORMATION_FORMAT = dwarf;
				ENABLE_STRICT_OBJC_MSGSEND = YES;
				ENABLE_TESTABILITY = YES;
				GCC_C_LANGUAGE_STANDARD = gnu11;
				GCC_DYNAMIC_NO_PIC = NO;
				GCC_NO_COMMON_BLOCKS = YES;
				GCC_OPTIMIZATION_LEVEL = 0;
				GCC_PREPROCESSOR_DEFINITIONS = (
					"DEBUG=1",
					"$(inherited)",
				);
				GCC_WARN_64_TO_32_BIT_CONVERSION = YES;
				GCC_WARN_ABOUT_RETURN_TYPE = YES_ERROR;
				GCC_WARN_UNDECLARED_SELECTOR = YES;
				GCC_WARN_UNINITIALIZED_AUTOS = YES_AGGRESSIVE;
				GCC_WARN_UNUSED_FUNCTION = YES;
				GCC_WARN_UNUSED_VARIABLE = YES;
				IPHONEOS_DEPLOYMENT_TARGET = 12.1;
				MTL_ENABLE_DEBUG_INFO = INCLUDE_SOURCE;
				MTL_FAST_MATH = YES;
				ONLY_ACTIVE_ARCH = YES;
				SDKROOT = iphoneos;
				SWIFT_ACTIVE_COMPILATION_CONDITIONS = DEBUG;
				SWIFT_OPTIMIZATION_LEVEL = "-Onone";
			};
			name = Debug;
		};
		BB6472682249311A00D493BF /* Release */ = {
			isa = XCBuildConfiguration;
			buildSettings = {
				ALWAYS_SEARCH_USER_PATHS = NO;
				CLANG_ANALYZER_NONNULL = YES;
				CLANG_ANALYZER_NUMBER_OBJECT_CONVERSION = YES_AGGRESSIVE;
				CLANG_CXX_LANGUAGE_STANDARD = "gnu++14";
				CLANG_CXX_LIBRARY = "libc++";
				CLANG_ENABLE_MODULES = YES;
				CLANG_ENABLE_OBJC_ARC = YES;
				CLANG_ENABLE_OBJC_WEAK = YES;
				CLANG_WARN_BLOCK_CAPTURE_AUTORELEASING = YES;
				CLANG_WARN_BOOL_CONVERSION = YES;
				CLANG_WARN_COMMA = YES;
				CLANG_WARN_CONSTANT_CONVERSION = YES;
				CLANG_WARN_DEPRECATED_OBJC_IMPLEMENTATIONS = YES;
				CLANG_WARN_DIRECT_OBJC_ISA_USAGE = YES_ERROR;
				CLANG_WARN_DOCUMENTATION_COMMENTS = YES;
				CLANG_WARN_EMPTY_BODY = YES;
				CLANG_WARN_ENUM_CONVERSION = YES;
				CLANG_WARN_INFINITE_RECURSION = YES;
				CLANG_WARN_INT_CONVERSION = YES;
				CLANG_WARN_NON_LITERAL_NULL_CONVERSION = YES;
				CLANG_WARN_OBJC_IMPLICIT_RETAIN_SELF = YES;
				CLANG_WARN_OBJC_LITERAL_CONVERSION = YES;
				CLANG_WARN_OBJC_ROOT_CLASS = YES_ERROR;
				CLANG_WARN_RANGE_LOOP_ANALYSIS = YES;
				CLANG_WARN_STRICT_PROTOTYPES = YES;
				CLANG_WARN_SUSPICIOUS_MOVE = YES;
				CLANG_WARN_UNGUARDED_AVAILABILITY = YES_AGGRESSIVE;
				CLANG_WARN_UNREACHABLE_CODE = YES;
				CLANG_WARN__DUPLICATE_METHOD_MATCH = YES;
				CODE_SIGN_IDENTITY = "iPhone Developer";
				COPY_PHASE_STRIP = NO;
				DEBUG_INFORMATION_FORMAT = "dwarf-with-dsym";
				ENABLE_NS_ASSERTIONS = NO;
				ENABLE_STRICT_OBJC_MSGSEND = YES;
				GCC_C_LANGUAGE_STANDARD = gnu11;
				GCC_NO_COMMON_BLOCKS = YES;
				GCC_WARN_64_TO_32_BIT_CONVERSION = YES;
				GCC_WARN_ABOUT_RETURN_TYPE = YES_ERROR;
				GCC_WARN_UNDECLARED_SELECTOR = YES;
				GCC_WARN_UNINITIALIZED_AUTOS = YES_AGGRESSIVE;
				GCC_WARN_UNUSED_FUNCTION = YES;
				GCC_WARN_UNUSED_VARIABLE = YES;
				IPHONEOS_DEPLOYMENT_TARGET = 12.1;
				MTL_ENABLE_DEBUG_INFO = NO;
				MTL_FAST_MATH = YES;
				SDKROOT = iphoneos;
				SWIFT_COMPILATION_MODE = wholemodule;
				SWIFT_OPTIMIZATION_LEVEL = "-O";
				VALIDATE_PRODUCT = YES;
			};
			name = Release;
		};
		BB64726A2249311A00D493BF /* Debug */ = {
			isa = XCBuildConfiguration;
			buildSettings = {
				ASSETCATALOG_COMPILER_COMPLICATION_NAME = Complication;
				CODE_SIGN_STYLE = Automatic;
				DEVELOPMENT_TEAM = 35JKS9G9KM;
				INFOPLIST_FILE = "Week_Nine_Apple_Watch WatchKit Extension/Info.plist";
				LD_RUNPATH_SEARCH_PATHS = (
					"$(inherited)",
					"@executable_path/Frameworks",
					"@executable_path/../../Frameworks",
				);
				PRODUCT_BUNDLE_IDENTIFIER = "ca.seneca.Week-Nine-Apple-Watch.watchkitapp.watchkitextension";
				PRODUCT_NAME = "${TARGET_NAME}";
				SDKROOT = watchos;
				SKIP_INSTALL = YES;
				SWIFT_VERSION = 4.2;
				TARGETED_DEVICE_FAMILY = 4;
				WATCHOS_DEPLOYMENT_TARGET = 5.1;
			};
			name = Debug;
		};
		BB64726B2249311A00D493BF /* Release */ = {
			isa = XCBuildConfiguration;
			buildSettings = {
				ASSETCATALOG_COMPILER_COMPLICATION_NAME = Complication;
				CODE_SIGN_STYLE = Automatic;
				DEVELOPMENT_TEAM = 35JKS9G9KM;
				INFOPLIST_FILE = "Week_Nine_Apple_Watch WatchKit Extension/Info.plist";
				LD_RUNPATH_SEARCH_PATHS = (
					"$(inherited)",
					"@executable_path/Frameworks",
					"@executable_path/../../Frameworks",
				);
				PRODUCT_BUNDLE_IDENTIFIER = "ca.seneca.Week-Nine-Apple-Watch.watchkitapp.watchkitextension";
				PRODUCT_NAME = "${TARGET_NAME}";
				SDKROOT = watchos;
				SKIP_INSTALL = YES;
				SWIFT_VERSION = 4.2;
				TARGETED_DEVICE_FAMILY = 4;
				WATCHOS_DEPLOYMENT_TARGET = 5.1;
			};
			name = Release;
		};
		BB64726E2249311A00D493BF /* Debug */ = {
			isa = XCBuildConfiguration;
			buildSettings = {
				ALWAYS_EMBED_SWIFT_STANDARD_LIBRARIES = YES;
				ASSETCATALOG_COMPILER_APPICON_NAME = AppIcon;
				CODE_SIGN_STYLE = Automatic;
				DEVELOPMENT_TEAM = 35JKS9G9KM;
				IBSC_MODULE = Week_Nine_Apple_Watch_WatchKit_Extension;
				INFOPLIST_FILE = "Week_Nine_Apple_Watch WatchKit App/Info.plist";
				PRODUCT_BUNDLE_IDENTIFIER = "ca.seneca.Week-Nine-Apple-Watch.watchkitapp";
				PRODUCT_NAME = "$(TARGET_NAME)";
				SDKROOT = watchos;
				SKIP_INSTALL = YES;
				SWIFT_VERSION = 4.2;
				TARGETED_DEVICE_FAMILY = 4;
				WATCHOS_DEPLOYMENT_TARGET = 5.1;
			};
			name = Debug;
		};
		BB64726F2249311A00D493BF /* Release */ = {
			isa = XCBuildConfiguration;
			buildSettings = {
				ALWAYS_EMBED_SWIFT_STANDARD_LIBRARIES = YES;
				ASSETCATALOG_COMPILER_APPICON_NAME = AppIcon;
				CODE_SIGN_STYLE = Automatic;
				DEVELOPMENT_TEAM = 35JKS9G9KM;
				IBSC_MODULE = Week_Nine_Apple_Watch_WatchKit_Extension;
				INFOPLIST_FILE = "Week_Nine_Apple_Watch WatchKit App/Info.plist";
				PRODUCT_BUNDLE_IDENTIFIER = "ca.seneca.Week-Nine-Apple-Watch.watchkitapp";
				PRODUCT_NAME = "$(TARGET_NAME)";
				SDKROOT = watchos;
				SKIP_INSTALL = YES;
				SWIFT_VERSION = 4.2;
				TARGETED_DEVICE_FAMILY = 4;
				WATCHOS_DEPLOYMENT_TARGET = 5.1;
			};
			name = Release;
		};
		BB6472722249311A00D493BF /* Debug */ = {
			isa = XCBuildConfiguration;
			buildSettings = {
				ASSETCATALOG_COMPILER_APPICON_NAME = AppIcon;
				CODE_SIGN_STYLE = Automatic;
				DEVELOPMENT_TEAM = 35JKS9G9KM;
				INFOPLIST_FILE = Week_Nine_Apple_Watch/Info.plist;
				LD_RUNPATH_SEARCH_PATHS = (
					"$(inherited)",
					"@executable_path/Frameworks",
				);
				PRODUCT_BUNDLE_IDENTIFIER = "ca.seneca.Week-Nine-Apple-Watch";
				PRODUCT_NAME = "$(TARGET_NAME)";
				SWIFT_VERSION = 4.2;
				TARGETED_DEVICE_FAMILY = "1,2";
			};
			name = Debug;
		};
		BB6472732249311A00D493BF /* Release */ = {
			isa = XCBuildConfiguration;
			buildSettings = {
				ASSETCATALOG_COMPILER_APPICON_NAME = AppIcon;
				CODE_SIGN_STYLE = Automatic;
				DEVELOPMENT_TEAM = 35JKS9G9KM;
				INFOPLIST_FILE = Week_Nine_Apple_Watch/Info.plist;
				LD_RUNPATH_SEARCH_PATHS = (
					"$(inherited)",
					"@executable_path/Frameworks",
				);
				PRODUCT_BUNDLE_IDENTIFIER = "ca.seneca.Week-Nine-Apple-Watch";
				PRODUCT_NAME = "$(TARGET_NAME)";
				SWIFT_VERSION = 4.2;
				TARGETED_DEVICE_FAMILY = "1,2";
			};
			name = Release;
		};
/* End XCBuildConfiguration section */

/* Begin XCConfigurationList section */
		BB6472352249311800D493BF /* Build configuration list for PBXProject "Week_Nine_Apple_Watch" */ = {
			isa = XCConfigurationList;
			buildConfigurations = (
				BB6472672249311A00D493BF /* Debug */,
				BB6472682249311A00D493BF /* Release */,
			);
			defaultConfigurationIsVisible = 0;
			defaultConfigurationName = Release;
		};
		BB6472692249311A00D493BF /* Build configuration list for PBXNativeTarget "Week_Nine_Apple_Watch WatchKit Extension" */ = {
			isa = XCConfigurationList;
			buildConfigurations = (
				BB64726A2249311A00D493BF /* Debug */,
				BB64726B2249311A00D493BF /* Release */,
			);
			defaultConfigurationIsVisible = 0;
			defaultConfigurationName = Release;
		};
		BB64726D2249311A00D493BF /* Build configuration list for PBXNativeTarget "Week_Nine_Apple_Watch WatchKit App" */ = {
			isa = XCConfigurationList;
			buildConfigurations = (
				BB64726E2249311A00D493BF /* Debug */,
				BB64726F2249311A00D493BF /* Release */,
			);
			defaultConfigurationIsVisible = 0;
			defaultConfigurationName = Release;
		};
		BB6472712249311A00D493BF /* Build configuration list for PBXNativeTarget "Week_Nine_Apple_Watch" */ = {
			isa = XCConfigurationList;
			buildConfigurations = (
				BB6472722249311A00D493BF /* Debug */,
				BB6472732249311A00D493BF /* Release */,
			);
			defaultConfigurationIsVisible = 0;
			defaultConfigurationName = Release;
		};
/* End XCConfigurationList section */
	};
	rootObject = BB6472322249311800D493BF /* Project object */;
}
