// !$*UTF8*$!
{
	archiveVersion = 1;
	classes = {
	};
	objectVersion = 50;
	objects = {

/* Begin PBXBuildFile section */
		04EEEEC92236C36000D7FE44 /* AppDelegate.swift in Sources */ = {isa = PBXBuildFile; fileRef = 04EEEEC82236C36000D7FE44 /* AppDelegate.swift */; };
		04EEEECB2236C36000D7FE44 /* ViewController.swift in Sources */ = {isa = PBXBuildFile; fileRef = 04EEEECA2236C36000D7FE44 /* ViewController.swift */; };
		04EEEECE2236C36000D7FE44 /* Main.storyboard in Resources */ = {isa = PBXBuildFile; fileRef = 04EEEECC2236C36000D7FE44 /* Main.storyboard */; };
		04EEEED12236C36000D7FE44 /* Week_Eight_Self_Aware_Location.xcdatamodeld in Sources */ = {isa = PBXBuildFile; fileRef = 04EEEECF2236C36000D7FE44 /* Week_Eight_Self_Aware_Location.xcdatamodeld */; };
		04EEEED32236C36100D7FE44 /* Assets.xcassets in Resources */ = {isa = PBXBuildFile; fileRef = 04EEEED22236C36100D7FE44 /* Assets.xcassets */; };
		04EEEED62236C36100D7FE44 /* LaunchScreen.storyboard in Resources */ = {isa = PBXBuildFile; fileRef = 04EEEED42236C36100D7FE44 /* LaunchScreen.storyboard */; };
		04EEEEDF2236C39700D7FE44 /* CoreLocation.framework in Frameworks */ = {isa = PBXBuildFile; fileRef = 04EEEEDE2236C39700D7FE44 /* CoreLocation.framework */; };
/* End PBXBuildFile section */

/* Begin PBXFileReference section */
		04EEEEC52236C36000D7FE44 /* Week.Eight.Self.Aware_Location.app */ = {isa = PBXFileReference; explicitFileType = wrapper.application; includeInIndex = 0; path = Week.Eight.Self.Aware_Location.app; sourceTree = BUILT_PRODUCTS_DIR; };
		04EEEEC82236C36000D7FE44 /* AppDelegate.swift */ = {isa = PBXFileReference; lastKnownFileType = sourcecode.swift; path = AppDelegate.swift; sourceTree = "<group>"; };
		04EEEECA2236C36000D7FE44 /* ViewController.swift */ = {isa = PBXFileReference; lastKnownFileType = sourcecode.swift; path = ViewController.swift; sourceTree = "<group>"; };
		04EEEECD2236C36000D7FE44 /* Base */ = {isa = PBXFileReference; lastKnownFileType = file.storyboard; name = Base; path = Base.lproj/Main.storyboard; sourceTree = "<group>"; };
		04EEEED02236C36000D7FE44 /* Week_Eight_Self_Aware_Location.xcdatamodel */ = {isa = PBXFileReference; lastKnownFileType = wrapper.xcdatamodel; path = Week_Eight_Self_Aware_Location.xcdatamodel; sourceTree = "<group>"; };
		04EEEED22236C36100D7FE44 /* Assets.xcassets */ = {isa = PBXFileReference; lastKnownFileType = folder.assetcatalog; path = Assets.xcassets; sourceTree = "<group>"; };
		04EEEED52236C36100D7FE44 /* Base */ = {isa = PBXFileReference; lastKnownFileType = file.storyboard; name = Base; path = Base.lproj/LaunchScreen.storyboard; sourceTree = "<group>"; };
		04EEEED72236C36100D7FE44 /* Info.plist */ = {isa = PBXFileReference; lastKnownFileType = text.plist.xml; path = Info.plist; sourceTree = "<group>"; };
		04EEEEDE2236C39700D7FE44 /* CoreLocation.framework */ = {isa = PBXFileReference; lastKnownFileType = wrapper.framework; name = CoreLocation.framework; path = System/Library/Frameworks/CoreLocation.framework; sourceTree = SDKROOT; };
/* End PBXFileReference section */

/* Begin PBXFrameworksBuildPhase section */
		04EEEEC22236C36000D7FE44 /* Frameworks */ = {
			isa = PBXFrameworksBuildPhase;
			buildActionMask = 2147483647;
			files = (
				04EEEEDF2236C39700D7FE44 /* CoreLocation.framework in Frameworks */,
			);
			runOnlyForDeploymentPostprocessing = 0;
		};
/* End PBXFrameworksBuildPhase section */

/* Begin PBXGroup section */
		04EEEEBC2236C36000D7FE44 = {
			isa = PBXGroup;
			children = (
				04EEEEC72236C36000D7FE44 /* Week.Eight.Self.Aware_Location */,
				04EEEEC62236C36000D7FE44 /* Products */,
				04EEEEDD2236C39600D7FE44 /* Frameworks */,
			);
			sourceTree = "<group>";
		};
		04EEEEC62236C36000D7FE44 /* Products */ = {
			isa = PBXGroup;
			children = (
				04EEEEC52236C36000D7FE44 /* Week.Eight.Self.Aware_Location.app */,
			);
			name = Products;
			sourceTree = "<group>";
		};
		04EEEEC72236C36000D7FE44 /* Week.Eight.Self.Aware_Location */ = {
			isa = PBXGroup;
			children = (
				04EEEEC82236C36000D7FE44 /* AppDelegate.swift */,
				04EEEECA2236C36000D7FE44 /* ViewController.swift */,
				04EEEECC2236C36000D7FE44 /* Main.storyboard */,
				04EEEED22236C36100D7FE44 /* Assets.xcassets */,
				04EEEED42236C36100D7FE44 /* LaunchScreen.storyboard */,
				04EEEED72236C36100D7FE44 /* Info.plist */,
				04EEEECF2236C36000D7FE44 /* Week_Eight_Self_Aware_Location.xcdatamodeld */,
			);
			path = Week.Eight.Self.Aware_Location;
			sourceTree = "<group>";
		};
		04EEEEDD2236C39600D7FE44 /* Frameworks */ = {
			isa = PBXGroup;
			children = (
				04EEEEDE2236C39700D7FE44 /* CoreLocation.framework */,
			);
			name = Frameworks;
			sourceTree = "<group>";
		};
/* End PBXGroup section */

/* Begin PBXNativeTarget section */
		04EEEEC42236C36000D7FE44 /* Week.Eight.Self.Aware_Location */ = {
			isa = PBXNativeTarget;
			buildConfigurationList = 04EEEEDA2236C36100D7FE44 /* Build configuration list for PBXNativeTarget "Week.Eight.Self.Aware_Location" */;
			buildPhases = (
				04EEEEC12236C36000D7FE44 /* Sources */,
				04EEEEC22236C36000D7FE44 /* Frameworks */,
				04EEEEC32236C36000D7FE44 /* Resources */,
			);
			buildRules = (
			);
			dependencies = (
			);
			name = Week.Eight.Self.Aware_Location;
			productName = Week.Eight.Self.Aware_Location;
			productReference = 04EEEEC52236C36000D7FE44 /* Week.Eight.Self.Aware_Location.app */;
			productType = "com.apple.product-type.application";
		};
/* End PBXNativeTarget section */

/* Begin PBXProject section */
		04EEEEBD2236C36000D7FE44 /* Project object */ = {
			isa = PBXProject;
			attributes = {
				LastSwiftUpdateCheck = 1010;
				LastUpgradeCheck = 1010;
				ORGANIZATIONNAME = "Mason Ko";
				TargetAttributes = {
					04EEEEC42236C36000D7FE44 = {
						CreatedOnToolsVersion = 10.1;
					};
				};
			};
			buildConfigurationList = 04EEEEC02236C36000D7FE44 /* Build configuration list for PBXProject "Week.Eight.Self.Aware_Location" */;
			compatibilityVersion = "Xcode 9.3";
			developmentRegion = en;
			hasScannedForEncodings = 0;
			knownRegions = (
				en,
				Base,
			);
			mainGroup = 04EEEEBC2236C36000D7FE44;
			productRefGroup = 04EEEEC62236C36000D7FE44 /* Products */;
			projectDirPath = "";
			projectRoot = "";
			targets = (
				04EEEEC42236C36000D7FE44 /* Week.Eight.Self.Aware_Location */,
			);
		};
/* End PBXProject section */

/* Begin PBXResourcesBuildPhase section */
		04EEEEC32236C36000D7FE44 /* Resources */ = {
			isa = PBXResourcesBuildPhase;
			buildActionMask = 2147483647;
			files = (
				04EEEED62236C36100D7FE44 /* LaunchScreen.storyboard in Resources */,
				04EEEED32236C36100D7FE44 /* Assets.xcassets in Resources */,
				04EEEECE2236C36000D7FE44 /* Main.storyboard in Resources */,
			);
			runOnlyForDeploymentPostprocessing = 0;
		};
/* End PBXResourcesBuildPhase section */

/* Begin PBXSourcesBuildPhase section */
		04EEEEC12236C36000D7FE44 /* Sources */ = {
			isa = PBXSourcesBuildPhase;
			buildActionMask = 2147483647;
			files = (
				04EEEED12236C36000D7FE44 /* Week_Eight_Self_Aware_Location.xcdatamodeld in Sources */,
				04EEEECB2236C36000D7FE44 /* ViewController.swift in Sources */,
				04EEEEC92236C36000D7FE44 /* AppDelegate.swift in Sources */,
			);
			runOnlyForDeploymentPostprocessing = 0;
		};
/* End PBXSourcesBuildPhase section */

/* Begin PBXVariantGroup section */
		04EEEECC2236C36000D7FE44 /* Main.storyboard */ = {
			isa = PBXVariantGroup;
			children = (
				04EEEECD2236C36000D7FE44 /* Base */,
			);
			name = Main.storyboard;
			sourceTree = "<group>";
		};
		04EEEED42236C36100D7FE44 /* LaunchScreen.storyboard */ = {
			isa = PBXVariantGroup;
			children = (
				04EEEED52236C36100D7FE44 /* Base */,
			);
			name = LaunchScreen.storyboard;
			sourceTree = "<group>";
		};
/* End PBXVariantGroup section */

/* Begin XCBuildConfiguration section */
		04EEEED82236C36100D7FE44 /* Debug */ = {
			isa = XCBuildConfiguration;
			buildSettings = {
				ALWAYS_SEARCH_USER_PATHS = NO;
				CLANG_ANALYZER_NONNULL = YES;
				CLANG_ANALYZER_NUMBER_OBJECT_CONVERSION = YES_AGGRESSIVE;
				CLANG_CXX_LANGUAGE_STANDARD = "gnu++14";
				CLANG_CXX_LIBRARY = "libc++";
				CLANG_ENABLE_MODULES = YES;
				CLANG_ENABLE_OBJC_ARC = YES;
				CLANG_ENABLE_OBJC_WEAK = YES;
				CLANG_WARN_BLOCK_CAPTURE_AUTORELEASING = YES;
				CLANG_WARN_BOOL_CONVERSION = YES;
				CLANG_WARN_COMMA = YES;
				CLANG_WARN_CONSTANT_CONVERSION = YES;
				CLANG_WARN_DEPRECATED_OBJC_IMPLEMENTATIONS = YES;
				CLANG_WARN_DIRECT_OBJC_ISA_USAGE = YES_ERROR;
				CLANG_WARN_DOCUMENTATION_COMMENTS = YES;
				CLANG_WARN_EMPTY_BODY = YES;
				CLANG_WARN_ENUM_CONVERSION = YES;
				CLANG_WARN_INFINITE_RECURSION = YES;
				CLANG_WARN_INT_CONVERSION = YES;
				CLANG_WARN_NON_LITERAL_NULL_CONVERSION = YES;
				CLANG_WARN_OBJC_IMPLICIT_RETAIN_SELF = YES;
				CLANG_WARN_OBJC_LITERAL_CONVERSION = YES;
				CLANG_WARN_OBJC_ROOT_CLASS = YES_ERROR;
				CLANG_WARN_RANGE_LOOP_ANALYSIS = YES;
				CLANG_WARN_STRICT_PROTOTYPES = YES;
				CLANG_WARN_SUSPICIOUS_MOVE = YES;
				CLANG_WARN_UNGUARDED_AVAILABILITY = YES_AGGRESSIVE;
				CLANG_WARN_UNREACHABLE_CODE = YES;
				CLANG_WARN__DUPLICATE_METHOD_MATCH = YES;
				CODE_SIGN_IDENTITY = "iPhone Developer";
				COPY_PHASE_STRIP = NO;
				DEBUG_INFORMATION_FORMAT = dwarf;
				ENABLE_STRICT_OBJC_MSGSEND = YES;
				ENABLE_TESTABILITY = YES;
				GCC_C_LANGUAGE_STANDARD = gnu11;
				GCC_DYNAMIC_NO_PIC = NO;
				GCC_NO_COMMON_BLOCKS = YES;
				GCC_OPTIMIZATION_LEVEL = 0;
				GCC_PREPROCESSOR_DEFINITIONS = (
					"DEBUG=1",
					"$(inherited)",
				);
				GCC_WARN_64_TO_32_BIT_CONVERSION = YES;
				GCC_WARN_ABOUT_RETURN_TYPE = YES_ERROR;
				GCC_WARN_UNDECLARED_SELECTOR = YES;
				GCC_WARN_UNINITIALIZED_AUTOS = YES_AGGRESSIVE;
				GCC_WARN_UNUSED_FUNCTION = YES;
				GCC_WARN_UNUSED_VARIABLE = YES;
				IPHONEOS_DEPLOYMENT_TARGET = 12.1;
				MTL_ENABLE_DEBUG_INFO = INCLUDE_SOURCE;
				MTL_FAST_MATH = YES;
				ONLY_ACTIVE_ARCH = YES;
				SDKROOT = iphoneos;
				SWIFT_ACTIVE_COMPILATION_CONDITIONS = DEBUG;
				SWIFT_OPTIMIZATION_LEVEL = "-Onone";
			};
			name = Debug;
		};
		04EEEED92236C36100D7FE44 /* Release */ = {
			isa = XCBuildConfiguration;
			buildSettings = {
				ALWAYS_SEARCH_USER_PATHS = NO;
				CLANG_ANALYZER_NONNULL = YES;
				CLANG_ANALYZER_NUMBER_OBJECT_CONVERSION = YES_AGGRESSIVE;
				CLANG_CXX_LANGUAGE_STANDARD = "gnu++14";
				CLANG_CXX_LIBRARY = "libc++";
				CLANG_ENABLE_MODULES = YES;
				CLANG_ENABLE_OBJC_ARC = YES;
				CLANG_ENABLE_OBJC_WEAK = YES;
				CLANG_WARN_BLOCK_CAPTURE_AUTORELEASING = YES;
				CLANG_WARN_BOOL_CONVERSION = YES;
				CLANG_WARN_COMMA = YES;
				CLANG_WARN_CONSTANT_CONVERSION = YES;
				CLANG_WARN_DEPRECATED_OBJC_IMPLEMENTATIONS = YES;
				CLANG_WARN_DIRECT_OBJC_ISA_USAGE = YES_ERROR;
				CLANG_WARN_DOCUMENTATION_COMMENTS = YES;
				CLANG_WARN_EMPTY_BODY = YES;
				CLANG_WARN_ENUM_CONVERSION = YES;
				CLANG_WARN_INFINITE_RECURSION = YES;
				CLANG_WARN_INT_CONVERSION = YES;
				CLANG_WARN_NON_LITERAL_NULL_CONVERSION = YES;
				CLANG_WARN_OBJC_IMPLICIT_RETAIN_SELF = YES;
				CLANG_WARN_OBJC_LITERAL_CONVERSION = YES;
				CLANG_WARN_OBJC_ROOT_CLASS = YES_ERROR;
				CLANG_WARN_RANGE_LOOP_ANALYSIS = YES;
				CLANG_WARN_STRICT_PROTOTYPES = YES;
				CLANG_WARN_SUSPICIOUS_MOVE = YES;
				CLANG_WARN_UNGUARDED_AVAILABILITY = YES_AGGRESSIVE;
				CLANG_WARN_UNREACHABLE_CODE = YES;
				CLANG_WARN__DUPLICATE_METHOD_MATCH = YES;
				CODE_SIGN_IDENTITY = "iPhone Developer";
				COPY_PHASE_STRIP = NO;
				DEBUG_INFORMATION_FORMAT = "dwarf-with-dsym";
				ENABLE_NS_ASSERTIONS = NO;
				ENABLE_STRICT_OBJC_MSGSEND = YES;
				GCC_C_LANGUAGE_STANDARD = gnu11;
				GCC_NO_COMMON_BLOCKS = YES;
				GCC_WARN_64_TO_32_BIT_CONVERSION = YES;
				GCC_WARN_ABOUT_RETURN_TYPE = YES_ERROR;
				GCC_WARN_UNDECLARED_SELECTOR = YES;
				GCC_WARN_UNINITIALIZED_AUTOS = YES_AGGRESSIVE;
				GCC_WARN_UNUSED_FUNCTION = YES;
				GCC_WARN_UNUSED_VARIABLE = YES;
				IPHONEOS_DEPLOYMENT_TARGET = 12.1;
				MTL_ENABLE_DEBUG_INFO = NO;
				MTL_FAST_MATH = YES;
				SDKROOT = iphoneos;
				SWIFT_COMPILATION_MODE = wholemodule;
				SWIFT_OPTIMIZATION_LEVEL = "-O";
				VALIDATE_PRODUCT = YES;
			};
			name = Release;
		};
		04EEEEDB2236C36100D7FE44 /* Debug */ = {
			isa = XCBuildConfiguration;
			buildSettings = {
				ASSETCATALOG_COMPILER_APPICON_NAME = AppIcon;
				CODE_SIGN_STYLE = Automatic;
				DEVELOPMENT_TEAM = 9363UX2YFD;
				INFOPLIST_FILE = Week.Eight.Self.Aware_Location/Info.plist;
				LD_RUNPATH_SEARCH_PATHS = (
					"$(inherited)",
					"@executable_path/Frameworks",
				);
				PRODUCT_BUNDLE_IDENTIFIER = "map523.Week-Eight-Self-Aware-Location";
				PRODUCT_NAME = "$(TARGET_NAME)";
				SWIFT_VERSION = 4.2;
				TARGETED_DEVICE_FAMILY = "1,2";
			};
			name = Debug;
		};
		04EEEEDC2236C36100D7FE44 /* Release */ = {
			isa = XCBuildConfiguration;
			buildSettings = {
				ASSETCATALOG_COMPILER_APPICON_NAME = AppIcon;
				CODE_SIGN_STYLE = Automatic;
				DEVELOPMENT_TEAM = 9363UX2YFD;
				INFOPLIST_FILE = Week.Eight.Self.Aware_Location/Info.plist;
				LD_RUNPATH_SEARCH_PATHS = (
					"$(inherited)",
					"@executable_path/Frameworks",
				);
				PRODUCT_BUNDLE_IDENTIFIER = "map523.Week-Eight-Self-Aware-Location";
				PRODUCT_NAME = "$(TARGET_NAME)";
				SWIFT_VERSION = 4.2;
				TARGETED_DEVICE_FAMILY = "1,2";
			};
			name = Release;
		};
/* End XCBuildConfiguration section */

/* Begin XCConfigurationList section */
		04EEEEC02236C36000D7FE44 /* Build configuration list for PBXProject "Week.Eight.Self.Aware_Location" */ = {
			isa = XCConfigurationList;
			buildConfigurations = (
				04EEEED82236C36100D7FE44 /* Debug */,
				04EEEED92236C36100D7FE44 /* Release */,
			);
			defaultConfigurationIsVisible = 0;
			defaultConfigurationName = Release;
		};
		04EEEEDA2236C36100D7FE44 /* Build configuration list for PBXNativeTarget "Week.Eight.Self.Aware_Location" */ = {
			isa = XCConfigurationList;
			buildConfigurations = (
				04EEEEDB2236C36100D7FE44 /* Debug */,
				04EEEEDC2236C36100D7FE44 /* Release */,
			);
			defaultConfigurationIsVisible = 0;
			defaultConfigurationName = Release;
		};
/* End XCConfigurationList section */

/* Begin XCVersionGroup section */
		04EEEECF2236C36000D7FE44 /* Week_Eight_Self_Aware_Location.xcdatamodeld */ = {
			isa = XCVersionGroup;
			children = (
				04EEEED02236C36000D7FE44 /* Week_Eight_Self_Aware_Location.xcdatamodel */,
			);
			currentVersion = 04EEEED02236C36000D7FE44 /* Week_Eight_Self_Aware_Location.xcdatamodel */;
			path = Week_Eight_Self_Aware_Location.xcdatamodeld;
			sourceTree = "<group>";
			versionGroupType = wrapper.xcdatamodel;
		};
/* End XCVersionGroup section */
	};
	rootObject = 04EEEEBD2236C36000D7FE44 /* Project object */;
}
