// !$*UTF8*$!
{
	archiveVersion = 1;
	classes = {
	};
	objectVersion = 50;
	objects = {

/* Begin PBXBuildFile section */
		040FFD0E22019E9E00EC5FEC /* AppDelegate.swift in Sources */ = {isa = PBXBuildFile; fileRef = 040FFD0D22019E9E00EC5FEC /* AppDelegate.swift */; };
		040FFD1022019E9E00EC5FEC /* ViewController.swift in Sources */ = {isa = PBXBuildFile; fileRef = 040FFD0F22019E9E00EC5FEC /* ViewController.swift */; };
		040FFD1322019E9E00EC5FEC /* Main.storyboard in Resources */ = {isa = PBXBuildFile; fileRef = 040FFD1122019E9E00EC5FEC /* Main.storyboard */; };
		040FFD1522019E9E00EC5FEC /* Assets.xcassets in Resources */ = {isa = PBXBuildFile; fileRef = 040FFD1422019E9E00EC5FEC /* Assets.xcassets */; };
		040FFD1822019E9E00EC5FEC /* LaunchScreen.storyboard in Resources */ = {isa = PBXBuildFile; fileRef = 040FFD1622019E9E00EC5FEC /* LaunchScreen.storyboard */; };
		040FFD2322019E9F00EC5FEC /* lab1_1Tests.swift in Sources */ = {isa = PBXBuildFile; fileRef = 040FFD2222019E9F00EC5FEC /* lab1_1Tests.swift */; };
		040FFD2E22019E9F00EC5FEC /* lab1_1UITests.swift in Sources */ = {isa = PBXBuildFile; fileRef = 040FFD2D22019E9F00EC5FEC /* lab1_1UITests.swift */; };
/* End PBXBuildFile section */

/* Begin PBXContainerItemProxy section */
		040FFD1F22019E9F00EC5FEC /* PBXContainerItemProxy */ = {
			isa = PBXContainerItemProxy;
			containerPortal = 040FFD0222019E9E00EC5FEC /* Project object */;
			proxyType = 1;
			remoteGlobalIDString = 040FFD0922019E9E00EC5FEC;
			remoteInfo = lab1.1;
		};
		040FFD2A22019E9F00EC5FEC /* PBXContainerItemProxy */ = {
			isa = PBXContainerItemProxy;
			containerPortal = 040FFD0222019E9E00EC5FEC /* Project object */;
			proxyType = 1;
			remoteGlobalIDString = 040FFD0922019E9E00EC5FEC;
			remoteInfo = lab1.1;
		};
/* End PBXContainerItemProxy section */

/* Begin PBXFileReference section */
		040FFD0A22019E9E00EC5FEC /* lab1.1.app */ = {isa = PBXFileReference; explicitFileType = wrapper.application; includeInIndex = 0; path = lab1.1.app; sourceTree = BUILT_PRODUCTS_DIR; };
		040FFD0D22019E9E00EC5FEC /* AppDelegate.swift */ = {isa = PBXFileReference; lastKnownFileType = sourcecode.swift; path = AppDelegate.swift; sourceTree = "<group>"; };
		040FFD0F22019E9E00EC5FEC /* ViewController.swift */ = {isa = PBXFileReference; lastKnownFileType = sourcecode.swift; path = ViewController.swift; sourceTree = "<group>"; };
		040FFD1222019E9E00EC5FEC /* Base */ = {isa = PBXFileReference; lastKnownFileType = file.storyboard; name = Base; path = Base.lproj/Main.storyboard; sourceTree = "<group>"; };
		040FFD1422019E9E00EC5FEC /* Assets.xcassets */ = {isa = PBXFileReference; lastKnownFileType = folder.assetcatalog; path = Assets.xcassets; sourceTree = "<group>"; };
		040FFD1722019E9E00EC5FEC /* Base */ = {isa = PBXFileReference; lastKnownFileType = file.storyboard; name = Base; path = Base.lproj/LaunchScreen.storyboard; sourceTree = "<group>"; };
		040FFD1922019E9E00EC5FEC /* Info.plist */ = {isa = PBXFileReference; lastKnownFileType = text.plist.xml; path = Info.plist; sourceTree = "<group>"; };
		040FFD1E22019E9F00EC5FEC /* lab1.1Tests.xctest */ = {isa = PBXFileReference; explicitFileType = wrapper.cfbundle; includeInIndex = 0; path = lab1.1Tests.xctest; sourceTree = BUILT_PRODUCTS_DIR; };
		040FFD2222019E9F00EC5FEC /* lab1_1Tests.swift */ = {isa = PBXFileReference; lastKnownFileType = sourcecode.swift; path = lab1_1Tests.swift; sourceTree = "<group>"; };
		040FFD2422019E9F00EC5FEC /* Info.plist */ = {isa = PBXFileReference; lastKnownFileType = text.plist.xml; path = Info.plist; sourceTree = "<group>"; };
		040FFD2922019E9F00EC5FEC /* lab1.1UITests.xctest */ = {isa = PBXFileReference; explicitFileType = wrapper.cfbundle; includeInIndex = 0; path = lab1.1UITests.xctest; sourceTree = BUILT_PRODUCTS_DIR; };
		040FFD2D22019E9F00EC5FEC /* lab1_1UITests.swift */ = {isa = PBXFileReference; lastKnownFileType = sourcecode.swift; path = lab1_1UITests.swift; sourceTree = "<group>"; };
		040FFD2F22019E9F00EC5FEC /* Info.plist */ = {isa = PBXFileReference; lastKnownFileType = text.plist.xml; path = Info.plist; sourceTree = "<group>"; };
/* End PBXFileReference section */

/* Begin PBXFrameworksBuildPhase section */
		040FFD0722019E9E00EC5FEC /* Frameworks */ = {
			isa = PBXFrameworksBuildPhase;
			buildActionMask = 2147483647;
			files = (
			);
			runOnlyForDeploymentPostprocessing = 0;
		};
		040FFD1B22019E9F00EC5FEC /* Frameworks */ = {
			isa = PBXFrameworksBuildPhase;
			buildActionMask = 2147483647;
			files = (
			);
			runOnlyForDeploymentPostprocessing = 0;
		};
		040FFD2622019E9F00EC5FEC /* Frameworks */ = {
			isa = PBXFrameworksBuildPhase;
			buildActionMask = 2147483647;
			files = (
			);
			runOnlyForDeploymentPostprocessing = 0;
		};
/* End PBXFrameworksBuildPhase section */

/* Begin PBXGroup section */
		040FFD0122019E9E00EC5FEC = {
			isa = PBXGroup;
			children = (
				040FFD0C22019E9E00EC5FEC /* lab1.1 */,
				040FFD2122019E9F00EC5FEC /* lab1.1Tests */,
				040FFD2C22019E9F00EC5FEC /* lab1.1UITests */,
				040FFD0B22019E9E00EC5FEC /* Products */,
			);
			sourceTree = "<group>";
		};
		040FFD0B22019E9E00EC5FEC /* Products */ = {
			isa = PBXGroup;
			children = (
				040FFD0A22019E9E00EC5FEC /* lab1.1.app */,
				040FFD1E22019E9F00EC5FEC /* lab1.1Tests.xctest */,
				040FFD2922019E9F00EC5FEC /* lab1.1UITests.xctest */,
			);
			name = Products;
			sourceTree = "<group>";
		};
		040FFD0C22019E9E00EC5FEC /* lab1.1 */ = {
			isa = PBXGroup;
			children = (
				040FFD0D22019E9E00EC5FEC /* AppDelegate.swift */,
				040FFD0F22019E9E00EC5FEC /* ViewController.swift */,
				040FFD1122019E9E00EC5FEC /* Main.storyboard */,
				040FFD1422019E9E00EC5FEC /* Assets.xcassets */,
				040FFD1622019E9E00EC5FEC /* LaunchScreen.storyboard */,
				040FFD1922019E9E00EC5FEC /* Info.plist */,
			);
			path = lab1.1;
			sourceTree = "<group>";
		};
		040FFD2122019E9F00EC5FEC /* lab1.1Tests */ = {
			isa = PBXGroup;
			children = (
				040FFD2222019E9F00EC5FEC /* lab1_1Tests.swift */,
				040FFD2422019E9F00EC5FEC /* Info.plist */,
			);
			path = lab1.1Tests;
			sourceTree = "<group>";
		};
		040FFD2C22019E9F00EC5FEC /* lab1.1UITests */ = {
			isa = PBXGroup;
			children = (
				040FFD2D22019E9F00EC5FEC /* lab1_1UITests.swift */,
				040FFD2F22019E9F00EC5FEC /* Info.plist */,
			);
			path = lab1.1UITests;
			sourceTree = "<group>";
		};
/* End PBXGroup section */

/* Begin PBXNativeTarget section */
		040FFD0922019E9E00EC5FEC /* lab1.1 */ = {
			isa = PBXNativeTarget;
			buildConfigurationList = 040FFD3222019E9F00EC5FEC /* Build configuration list for PBXNativeTarget "lab1.1" */;
			buildPhases = (
				040FFD0622019E9E00EC5FEC /* Sources */,
				040FFD0722019E9E00EC5FEC /* Frameworks */,
				040FFD0822019E9E00EC5FEC /* Resources */,
			);
			buildRules = (
			);
			dependencies = (
			);
			name = lab1.1;
			productName = lab1.1;
			productReference = 040FFD0A22019E9E00EC5FEC /* lab1.1.app */;
			productType = "com.apple.product-type.application";
		};
		040FFD1D22019E9F00EC5FEC /* lab1.1Tests */ = {
			isa = PBXNativeTarget;
			buildConfigurationList = 040FFD3522019E9F00EC5FEC /* Build configuration list for PBXNativeTarget "lab1.1Tests" */;
			buildPhases = (
				040FFD1A22019E9F00EC5FEC /* Sources */,
				040FFD1B22019E9F00EC5FEC /* Frameworks */,
				040FFD1C22019E9F00EC5FEC /* Resources */,
			);
			buildRules = (
			);
			dependencies = (
				040FFD2022019E9F00EC5FEC /* PBXTargetDependency */,
			);
			name = lab1.1Tests;
			productName = lab1.1Tests;
			productReference = 040FFD1E22019E9F00EC5FEC /* lab1.1Tests.xctest */;
			productType = "com.apple.product-type.bundle.unit-test";
		};
		040FFD2822019E9F00EC5FEC /* lab1.1UITests */ = {
			isa = PBXNativeTarget;
			buildConfigurationList = 040FFD3822019E9F00EC5FEC /* Build configuration list for PBXNativeTarget "lab1.1UITests" */;
			buildPhases = (
				040FFD2522019E9F00EC5FEC /* Sources */,
				040FFD2622019E9F00EC5FEC /* Frameworks */,
				040FFD2722019E9F00EC5FEC /* Resources */,
			);
			buildRules = (
			);
			dependencies = (
				040FFD2B22019E9F00EC5FEC /* PBXTargetDependency */,
			);
			name = lab1.1UITests;
			productName = lab1.1UITests;
			productReference = 040FFD2922019E9F00EC5FEC /* lab1.1UITests.xctest */;
			productType = "com.apple.product-type.bundle.ui-testing";
		};
/* End PBXNativeTarget section */

/* Begin PBXProject section */
		040FFD0222019E9E00EC5FEC /* Project object */ = {
			isa = PBXProject;
			attributes = {
				LastSwiftUpdateCheck = 1010;
				LastUpgradeCheck = 1010;
				ORGANIZATIONNAME = "Mason Ko";
				TargetAttributes = {
					040FFD0922019E9E00EC5FEC = {
						CreatedOnToolsVersion = 10.1;
					};
					040FFD1D22019E9F00EC5FEC = {
						CreatedOnToolsVersion = 10.1;
						TestTargetID = 040FFD0922019E9E00EC5FEC;
					};
					040FFD2822019E9F00EC5FEC = {
						CreatedOnToolsVersion = 10.1;
						TestTargetID = 040FFD0922019E9E00EC5FEC;
					};
				};
			};
			buildConfigurationList = 040FFD0522019E9E00EC5FEC /* Build configuration list for PBXProject "lab1.1" */;
			compatibilityVersion = "Xcode 9.3";
			developmentRegion = en;
			hasScannedForEncodings = 0;
			knownRegions = (
				en,
				Base,
			);
			mainGroup = 040FFD0122019E9E00EC5FEC;
			productRefGroup = 040FFD0B22019E9E00EC5FEC /* Products */;
			projectDirPath = "";
			projectRoot = "";
			targets = (
				040FFD0922019E9E00EC5FEC /* lab1.1 */,
				040FFD1D22019E9F00EC5FEC /* lab1.1Tests */,
				040FFD2822019E9F00EC5FEC /* lab1.1UITests */,
			);
		};
/* End PBXProject section */

/* Begin PBXResourcesBuildPhase section */
		040FFD0822019E9E00EC5FEC /* Resources */ = {
			isa = PBXResourcesBuildPhase;
			buildActionMask = 2147483647;
			files = (
				040FFD1822019E9E00EC5FEC /* LaunchScreen.storyboard in Resources */,
				040FFD1522019E9E00EC5FEC /* Assets.xcassets in Resources */,
				040FFD1322019E9E00EC5FEC /* Main.storyboard in Resources */,
			);
			runOnlyForDeploymentPostprocessing = 0;
		};
		040FFD1C22019E9F00EC5FEC /* Resources */ = {
			isa = PBXResourcesBuildPhase;
			buildActionMask = 2147483647;
			files = (
			);
			runOnlyForDeploymentPostprocessing = 0;
		};
		040FFD2722019E9F00EC5FEC /* Resources */ = {
			isa = PBXResourcesBuildPhase;
			buildActionMask = 2147483647;
			files = (
			);
			runOnlyForDeploymentPostprocessing = 0;
		};
/* End PBXResourcesBuildPhase section */

/* Begin PBXSourcesBuildPhase section */
		040FFD0622019E9E00EC5FEC /* Sources */ = {
			isa = PBXSourcesBuildPhase;
			buildActionMask = 2147483647;
			files = (
				040FFD1022019E9E00EC5FEC /* ViewController.swift in Sources */,
				040FFD0E22019E9E00EC5FEC /* AppDelegate.swift in Sources */,
			);
			runOnlyForDeploymentPostprocessing = 0;
		};
		040FFD1A22019E9F00EC5FEC /* Sources */ = {
			isa = PBXSourcesBuildPhase;
			buildActionMask = 2147483647;
			files = (
				040FFD2322019E9F00EC5FEC /* lab1_1Tests.swift in Sources */,
			);
			runOnlyForDeploymentPostprocessing = 0;
		};
		040FFD2522019E9F00EC5FEC /* Sources */ = {
			isa = PBXSourcesBuildPhase;
			buildActionMask = 2147483647;
			files = (
				040FFD2E22019E9F00EC5FEC /* lab1_1UITests.swift in Sources */,
			);
			runOnlyForDeploymentPostprocessing = 0;
		};
/* End PBXSourcesBuildPhase section */

/* Begin PBXTargetDependency section */
		040FFD2022019E9F00EC5FEC /* PBXTargetDependency */ = {
			isa = PBXTargetDependency;
			target = 040FFD0922019E9E00EC5FEC /* lab1.1 */;
			targetProxy = 040FFD1F22019E9F00EC5FEC /* PBXContainerItemProxy */;
		};
		040FFD2B22019E9F00EC5FEC /* PBXTargetDependency */ = {
			isa = PBXTargetDependency;
			target = 040FFD0922019E9E00EC5FEC /* lab1.1 */;
			targetProxy = 040FFD2A22019E9F00EC5FEC /* PBXContainerItemProxy */;
		};
/* End PBXTargetDependency section */

/* Begin PBXVariantGroup section */
		040FFD1122019E9E00EC5FEC /* Main.storyboard */ = {
			isa = PBXVariantGroup;
			children = (
				040FFD1222019E9E00EC5FEC /* Base */,
			);
			name = Main.storyboard;
			sourceTree = "<group>";
		};
		040FFD1622019E9E00EC5FEC /* LaunchScreen.storyboard */ = {
			isa = PBXVariantGroup;
			children = (
				040FFD1722019E9E00EC5FEC /* Base */,
			);
			name = LaunchScreen.storyboard;
			sourceTree = "<group>";
		};
/* End PBXVariantGroup section */

/* Begin XCBuildConfiguration section */
		040FFD3022019E9F00EC5FEC /* Debug */ = {
			isa = XCBuildConfiguration;
			buildSettings = {
				ALWAYS_SEARCH_USER_PATHS = NO;
				CLANG_ANALYZER_NONNULL = YES;
				CLANG_ANALYZER_NUMBER_OBJECT_CONVERSION = YES_AGGRESSIVE;
				CLANG_CXX_LANGUAGE_STANDARD = "gnu++14";
				CLANG_CXX_LIBRARY = "libc++";
				CLANG_ENABLE_MODULES = YES;
				CLANG_ENABLE_OBJC_ARC = YES;
				CLANG_ENABLE_OBJC_WEAK = YES;
				CLANG_WARN_BLOCK_CAPTURE_AUTORELEASING = YES;
				CLANG_WARN_BOOL_CONVERSION = YES;
				CLANG_WARN_COMMA = YES;
				CLANG_WARN_CONSTANT_CONVERSION = YES;
				CLANG_WARN_DEPRECATED_OBJC_IMPLEMENTATIONS = YES;
				CLANG_WARN_DIRECT_OBJC_ISA_USAGE = YES_ERROR;
				CLANG_WARN_DOCUMENTATION_COMMENTS = YES;
				CLANG_WARN_EMPTY_BODY = YES;
				CLANG_WARN_ENUM_CONVERSION = YES;
				CLANG_WARN_INFINITE_RECURSION = YES;
				CLANG_WARN_INT_CONVERSION = YES;
				CLANG_WARN_NON_LITERAL_NULL_CONVERSION = YES;
				CLANG_WARN_OBJC_IMPLICIT_RETAIN_SELF = YES;
				CLANG_WARN_OBJC_LITERAL_CONVERSION = YES;
				CLANG_WARN_OBJC_ROOT_CLASS = YES_ERROR;
				CLANG_WARN_RANGE_LOOP_ANALYSIS = YES;
				CLANG_WARN_STRICT_PROTOTYPES = YES;
				CLANG_WARN_SUSPICIOUS_MOVE = YES;
				CLANG_WARN_UNGUARDED_AVAILABILITY = YES_AGGRESSIVE;
				CLANG_WARN_UNREACHABLE_CODE = YES;
				CLANG_WARN__DUPLICATE_METHOD_MATCH = YES;
				CODE_SIGN_IDENTITY = "iPhone Developer";
				COPY_PHASE_STRIP = NO;
				DEBUG_INFORMATION_FORMAT = dwarf;
				ENABLE_STRICT_OBJC_MSGSEND = YES;
				ENABLE_TESTABILITY = YES;
				GCC_C_LANGUAGE_STANDARD = gnu11;
				GCC_DYNAMIC_NO_PIC = NO;
				GCC_NO_COMMON_BLOCKS = YES;
				GCC_OPTIMIZATION_LEVEL = 0;
				GCC_PREPROCESSOR_DEFINITIONS = (
					"DEBUG=1",
					"$(inherited)",
				);
				GCC_WARN_64_TO_32_BIT_CONVERSION = YES;
				GCC_WARN_ABOUT_RETURN_TYPE = YES_ERROR;
				GCC_WARN_UNDECLARED_SELECTOR = YES;
				GCC_WARN_UNINITIALIZED_AUTOS = YES_AGGRESSIVE;
				GCC_WARN_UNUSED_FUNCTION = YES;
				GCC_WARN_UNUSED_VARIABLE = YES;
				IPHONEOS_DEPLOYMENT_TARGET = 12.1;
				MTL_ENABLE_DEBUG_INFO = INCLUDE_SOURCE;
				MTL_FAST_MATH = YES;
				ONLY_ACTIVE_ARCH = YES;
				SDKROOT = iphoneos;
				SWIFT_ACTIVE_COMPILATION_CONDITIONS = DEBUG;
				SWIFT_OPTIMIZATION_LEVEL = "-Onone";
			};
			name = Debug;
		};
		040FFD3122019E9F00EC5FEC /* Release */ = {
			isa = XCBuildConfiguration;
			buildSettings = {
				ALWAYS_SEARCH_USER_PATHS = NO;
				CLANG_ANALYZER_NONNULL = YES;
				CLANG_ANALYZER_NUMBER_OBJECT_CONVERSION = YES_AGGRESSIVE;
				CLANG_CXX_LANGUAGE_STANDARD = "gnu++14";
				CLANG_CXX_LIBRARY = "libc++";
				CLANG_ENABLE_MODULES = YES;
				CLANG_ENABLE_OBJC_ARC = YES;
				CLANG_ENABLE_OBJC_WEAK = YES;
				CLANG_WARN_BLOCK_CAPTURE_AUTORELEASING = YES;
				CLANG_WARN_BOOL_CONVERSION = YES;
				CLANG_WARN_COMMA = YES;
				CLANG_WARN_CONSTANT_CONVERSION = YES;
				CLANG_WARN_DEPRECATED_OBJC_IMPLEMENTATIONS = YES;
				CLANG_WARN_DIRECT_OBJC_ISA_USAGE = YES_ERROR;
				CLANG_WARN_DOCUMENTATION_COMMENTS = YES;
				CLANG_WARN_EMPTY_BODY = YES;
				CLANG_WARN_ENUM_CONVERSION = YES;
				CLANG_WARN_INFINITE_RECURSION = YES;
				CLANG_WARN_INT_CONVERSION = YES;
				CLANG_WARN_NON_LITERAL_NULL_CONVERSION = YES;
				CLANG_WARN_OBJC_IMPLICIT_RETAIN_SELF = YES;
				CLANG_WARN_OBJC_LITERAL_CONVERSION = YES;
				CLANG_WARN_OBJC_ROOT_CLASS = YES_ERROR;
				CLANG_WARN_RANGE_LOOP_ANALYSIS = YES;
				CLANG_WARN_STRICT_PROTOTYPES = YES;
				CLANG_WARN_SUSPICIOUS_MOVE = YES;
				CLANG_WARN_UNGUARDED_AVAILABILITY = YES_AGGRESSIVE;
				CLANG_WARN_UNREACHABLE_CODE = YES;
				CLANG_WARN__DUPLICATE_METHOD_MATCH = YES;
				CODE_SIGN_IDENTITY = "iPhone Developer";
				COPY_PHASE_STRIP = NO;
				DEBUG_INFORMATION_FORMAT = "dwarf-with-dsym";
				ENABLE_NS_ASSERTIONS = NO;
				ENABLE_STRICT_OBJC_MSGSEND = YES;
				GCC_C_LANGUAGE_STANDARD = gnu11;
				GCC_NO_COMMON_BLOCKS = YES;
				GCC_WARN_64_TO_32_BIT_CONVERSION = YES;
				GCC_WARN_ABOUT_RETURN_TYPE = YES_ERROR;
				GCC_WARN_UNDECLARED_SELECTOR = YES;
				GCC_WARN_UNINITIALIZED_AUTOS = YES_AGGRESSIVE;
				GCC_WARN_UNUSED_FUNCTION = YES;
				GCC_WARN_UNUSED_VARIABLE = YES;
				IPHONEOS_DEPLOYMENT_TARGET = 12.1;
				MTL_ENABLE_DEBUG_INFO = NO;
				MTL_FAST_MATH = YES;
				SDKROOT = iphoneos;
				SWIFT_COMPILATION_MODE = wholemodule;
				SWIFT_OPTIMIZATION_LEVEL = "-O";
				VALIDATE_PRODUCT = YES;
			};
			name = Release;
		};
		040FFD3322019E9F00EC5FEC /* Debug */ = {
			isa = XCBuildConfiguration;
			buildSettings = {
				ASSETCATALOG_COMPILER_APPICON_NAME = AppIcon;
				CODE_SIGN_STYLE = Automatic;
				INFOPLIST_FILE = lab1.1/Info.plist;
				LD_RUNPATH_SEARCH_PATHS = (
					"$(inherited)",
					"@executable_path/Frameworks",
				);
				PRODUCT_BUNDLE_IDENTIFIER = "map523.lab1-1";
				PRODUCT_NAME = "$(TARGET_NAME)";
				SWIFT_VERSION = 4.2;
				TARGETED_DEVICE_FAMILY = "1,2";
			};
			name = Debug;
		};
		040FFD3422019E9F00EC5FEC /* Release */ = {
			isa = XCBuildConfiguration;
			buildSettings = {
				ASSETCATALOG_COMPILER_APPICON_NAME = AppIcon;
				CODE_SIGN_STYLE = Automatic;
				INFOPLIST_FILE = lab1.1/Info.plist;
				LD_RUNPATH_SEARCH_PATHS = (
					"$(inherited)",
					"@executable_path/Frameworks",
				);
				PRODUCT_BUNDLE_IDENTIFIER = "map523.lab1-1";
				PRODUCT_NAME = "$(TARGET_NAME)";
				SWIFT_VERSION = 4.2;
				TARGETED_DEVICE_FAMILY = "1,2";
			};
			name = Release;
		};
		040FFD3622019E9F00EC5FEC /* Debug */ = {
			isa = XCBuildConfiguration;
			buildSettings = {
				ALWAYS_EMBED_SWIFT_STANDARD_LIBRARIES = YES;
				BUNDLE_LOADER = "$(TEST_HOST)";
				CODE_SIGN_STYLE = Automatic;
				INFOPLIST_FILE = lab1.1Tests/Info.plist;
				LD_RUNPATH_SEARCH_PATHS = (
					"$(inherited)",
					"@executable_path/Frameworks",
					"@loader_path/Frameworks",
				);
				PRODUCT_BUNDLE_IDENTIFIER = "map523.lab1-1Tests";
				PRODUCT_NAME = "$(TARGET_NAME)";
				SWIFT_VERSION = 4.2;
				TARGETED_DEVICE_FAMILY = "1,2";
				TEST_HOST = "$(BUILT_PRODUCTS_DIR)/lab1.1.app/lab1.1";
			};
			name = Debug;
		};
		040FFD3722019E9F00EC5FEC /* Release */ = {
			isa = XCBuildConfiguration;
			buildSettings = {
				ALWAYS_EMBED_SWIFT_STANDARD_LIBRARIES = YES;
				BUNDLE_LOADER = "$(TEST_HOST)";
				CODE_SIGN_STYLE = Automatic;
				INFOPLIST_FILE = lab1.1Tests/Info.plist;
				LD_RUNPATH_SEARCH_PATHS = (
					"$(inherited)",
					"@executable_path/Frameworks",
					"@loader_path/Frameworks",
				);
				PRODUCT_BUNDLE_IDENTIFIER = "map523.lab1-1Tests";
				PRODUCT_NAME = "$(TARGET_NAME)";
				SWIFT_VERSION = 4.2;
				TARGETED_DEVICE_FAMILY = "1,2";
				TEST_HOST = "$(BUILT_PRODUCTS_DIR)/lab1.1.app/lab1.1";
			};
			name = Release;
		};
		040FFD3922019E9F00EC5FEC /* Debug */ = {
			isa = XCBuildConfiguration;
			buildSettings = {
				ALWAYS_EMBED_SWIFT_STANDARD_LIBRARIES = YES;
				CODE_SIGN_STYLE = Automatic;
				INFOPLIST_FILE = lab1.1UITests/Info.plist;
				LD_RUNPATH_SEARCH_PATHS = (
					"$(inherited)",
					"@executable_path/Frameworks",
					"@loader_path/Frameworks",
				);
				PRODUCT_BUNDLE_IDENTIFIER = "map523.lab1-1UITests";
				PRODUCT_NAME = "$(TARGET_NAME)";
				SWIFT_VERSION = 4.2;
				TARGETED_DEVICE_FAMILY = "1,2";
				TEST_TARGET_NAME = lab1.1;
			};
			name = Debug;
		};
		040FFD3A22019E9F00EC5FEC /* Release */ = {
			isa = XCBuildConfiguration;
			buildSettings = {
				ALWAYS_EMBED_SWIFT_STANDARD_LIBRARIES = YES;
				CODE_SIGN_STYLE = Automatic;
				INFOPLIST_FILE = lab1.1UITests/Info.plist;
				LD_RUNPATH_SEARCH_PATHS = (
					"$(inherited)",
					"@executable_path/Frameworks",
					"@loader_path/Frameworks",
				);
				PRODUCT_BUNDLE_IDENTIFIER = "map523.lab1-1UITests";
				PRODUCT_NAME = "$(TARGET_NAME)";
				SWIFT_VERSION = 4.2;
				TARGETED_DEVICE_FAMILY = "1,2";
				TEST_TARGET_NAME = lab1.1;
			};
			name = Release;
		};
/* End XCBuildConfiguration section */

/* Begin XCConfigurationList section */
		040FFD0522019E9E00EC5FEC /* Build configuration list for PBXProject "lab1.1" */ = {
			isa = XCConfigurationList;
			buildConfigurations = (
				040FFD3022019E9F00EC5FEC /* Debug */,
				040FFD3122019E9F00EC5FEC /* Release */,
			);
			defaultConfigurationIsVisible = 0;
			defaultConfigurationName = Release;
		};
		040FFD3222019E9F00EC5FEC /* Build configuration list for PBXNativeTarget "lab1.1" */ = {
			isa = XCConfigurationList;
			buildConfigurations = (
				040FFD3322019E9F00EC5FEC /* Debug */,
				040FFD3422019E9F00EC5FEC /* Release */,
			);
			defaultConfigurationIsVisible = 0;
			defaultConfigurationName = Release;
		};
		040FFD3522019E9F00EC5FEC /* Build configuration list for PBXNativeTarget "lab1.1Tests" */ = {
			isa = XCConfigurationList;
			buildConfigurations = (
				040FFD3622019E9F00EC5FEC /* Debug */,
				040FFD3722019E9F00EC5FEC /* Release */,
			);
			defaultConfigurationIsVisible = 0;
			defaultConfigurationName = Release;
		};
		040FFD3822019E9F00EC5FEC /* Build configuration list for PBXNativeTarget "lab1.1UITests" */ = {
			isa = XCConfigurationList;
			buildConfigurations = (
				040FFD3922019E9F00EC5FEC /* Debug */,
				040FFD3A22019E9F00EC5FEC /* Release */,
			);
			defaultConfigurationIsVisible = 0;
			defaultConfigurationName = Release;
		};
/* End XCConfigurationList section */
	};
	rootObject = 040FFD0222019E9E00EC5FEC /* Project object */;
}
