// !$*UTF8*$!
{
	archiveVersion = 1;
	classes = {
	};
	objectVersion = 50;
	objects = {

/* Begin PBXBuildFile section */
		043B7D00224B377B00D8902A /* AppDelegate.swift in Sources */ = {isa = PBXBuildFile; fileRef = 043B7CFF224B377B00D8902A /* AppDelegate.swift */; };
		043B7D02224B377B00D8902A /* ViewController.swift in Sources */ = {isa = PBXBuildFile; fileRef = 043B7D01224B377B00D8902A /* ViewController.swift */; };
		043B7D05224B377B00D8902A /* Main.storyboard in Resources */ = {isa = PBXBuildFile; fileRef = 043B7D03224B377B00D8902A /* Main.storyboard */; };
		043B7D08224B377B00D8902A /* lab1_timer.xcdatamodeld in Sources */ = {isa = PBXBuildFile; fileRef = 043B7D06224B377B00D8902A /* lab1_timer.xcdatamodeld */; };
		043B7D0A224B377C00D8902A /* Assets.xcassets in Resources */ = {isa = PBXBuildFile; fileRef = 043B7D09224B377C00D8902A /* Assets.xcassets */; };
		043B7D0D224B377C00D8902A /* LaunchScreen.storyboard in Resources */ = {isa = PBXBuildFile; fileRef = 043B7D0B224B377C00D8902A /* LaunchScreen.storyboard */; };
/* End PBXBuildFile section */

/* Begin PBXFileReference section */
		043B7CFC224B377B00D8902A /* lab1_timer.app */ = {isa = PBXFileReference; explicitFileType = wrapper.application; includeInIndex = 0; path = lab1_timer.app; sourceTree = BUILT_PRODUCTS_DIR; };
		043B7CFF224B377B00D8902A /* AppDelegate.swift */ = {isa = PBXFileReference; lastKnownFileType = sourcecode.swift; path = AppDelegate.swift; sourceTree = "<group>"; };
		043B7D01224B377B00D8902A /* ViewController.swift */ = {isa = PBXFileReference; lastKnownFileType = sourcecode.swift; path = ViewController.swift; sourceTree = "<group>"; };
		043B7D04224B377B00D8902A /* Base */ = {isa = PBXFileReference; lastKnownFileType = file.storyboard; name = Base; path = Base.lproj/Main.storyboard; sourceTree = "<group>"; };
		043B7D07224B377B00D8902A /* lab1_timer.xcdatamodel */ = {isa = PBXFileReference; lastKnownFileType = wrapper.xcdatamodel; path = lab1_timer.xcdatamodel; sourceTree = "<group>"; };
		043B7D09224B377C00D8902A /* Assets.xcassets */ = {isa = PBXFileReference; lastKnownFileType = folder.assetcatalog; path = Assets.xcassets; sourceTree = "<group>"; };
		043B7D0C224B377C00D8902A /* Base */ = {isa = PBXFileReference; lastKnownFileType = file.storyboard; name = Base; path = Base.lproj/LaunchScreen.storyboard; sourceTree = "<group>"; };
		043B7D0E224B377C00D8902A /* Info.plist */ = {isa = PBXFileReference; lastKnownFileType = text.plist.xml; path = Info.plist; sourceTree = "<group>"; };
/* End PBXFileReference section */

/* Begin PBXFrameworksBuildPhase section */
		043B7CF9224B377B00D8902A /* Frameworks */ = {
			isa = PBXFrameworksBuildPhase;
			buildActionMask = 2147483647;
			files = (
			);
			runOnlyForDeploymentPostprocessing = 0;
		};
/* End PBXFrameworksBuildPhase section */

/* Begin PBXGroup section */
		043B7CF3224B377B00D8902A = {
			isa = PBXGroup;
			children = (
				043B7CFE224B377B00D8902A /* lab1_timer */,
				043B7CFD224B377B00D8902A /* Products */,
			);
			sourceTree = "<group>";
		};
		043B7CFD224B377B00D8902A /* Products */ = {
			isa = PBXGroup;
			children = (
				043B7CFC224B377B00D8902A /* lab1_timer.app */,
			);
			name = Products;
			sourceTree = "<group>";
		};
		043B7CFE224B377B00D8902A /* lab1_timer */ = {
			isa = PBXGroup;
			children = (
				043B7CFF224B377B00D8902A /* AppDelegate.swift */,
				043B7D01224B377B00D8902A /* ViewController.swift */,
				043B7D03224B377B00D8902A /* Main.storyboard */,
				043B7D09224B377C00D8902A /* Assets.xcassets */,
				043B7D0B224B377C00D8902A /* LaunchScreen.storyboard */,
				043B7D0E224B377C00D8902A /* Info.plist */,
				043B7D06224B377B00D8902A /* lab1_timer.xcdatamodeld */,
			);
			path = lab1_timer;
			sourceTree = "<group>";
		};
/* End PBXGroup section */

/* Begin PBXNativeTarget section */
		043B7CFB224B377B00D8902A /* lab1_timer */ = {
			isa = PBXNativeTarget;
			buildConfigurationList = 043B7D11224B377C00D8902A /* Build configuration list for PBXNativeTarget "lab1_timer" */;
			buildPhases = (
				043B7CF8224B377B00D8902A /* Sources */,
				043B7CF9224B377B00D8902A /* Frameworks */,
				043B7CFA224B377B00D8902A /* Resources */,
			);
			buildRules = (
			);
			dependencies = (
			);
			name = lab1_timer;
			productName = lab1_timer;
			productReference = 043B7CFC224B377B00D8902A /* lab1_timer.app */;
			productType = "com.apple.product-type.application";
		};
/* End PBXNativeTarget section */

/* Begin PBXProject section */
		043B7CF4224B377B00D8902A /* Project object */ = {
			isa = PBXProject;
			attributes = {
				LastSwiftUpdateCheck = 1010;
				LastUpgradeCheck = 1010;
				ORGANIZATIONNAME = "Mason Ko";
				TargetAttributes = {
					043B7CFB224B377B00D8902A = {
						CreatedOnToolsVersion = 10.1;
					};
				};
			};
			buildConfigurationList = 043B7CF7224B377B00D8902A /* Build configuration list for PBXProject "lab1_timer" */;
			compatibilityVersion = "Xcode 9.3";
			developmentRegion = en;
			hasScannedForEncodings = 0;
			knownRegions = (
				en,
				Base,
			);
			mainGroup = 043B7CF3224B377B00D8902A;
			productRefGroup = 043B7CFD224B377B00D8902A /* Products */;
			projectDirPath = "";
			projectRoot = "";
			targets = (
				043B7CFB224B377B00D8902A /* lab1_timer */,
			);
		};
/* End PBXProject section */

/* Begin PBXResourcesBuildPhase section */
		043B7CFA224B377B00D8902A /* Resources */ = {
			isa = PBXResourcesBuildPhase;
			buildActionMask = 2147483647;
			files = (
				043B7D0D224B377C00D8902A /* LaunchScreen.storyboard in Resources */,
				043B7D0A224B377C00D8902A /* Assets.xcassets in Resources */,
				043B7D05224B377B00D8902A /* Main.storyboard in Resources */,
			);
			runOnlyForDeploymentPostprocessing = 0;
		};
/* End PBXResourcesBuildPhase section */

/* Begin PBXSourcesBuildPhase section */
		043B7CF8224B377B00D8902A /* Sources */ = {
			isa = PBXSourcesBuildPhase;
			buildActionMask = 2147483647;
			files = (
				043B7D02224B377B00D8902A /* ViewController.swift in Sources */,
				043B7D00224B377B00D8902A /* AppDelegate.swift in Sources */,
				043B7D08224B377B00D8902A /* lab1_timer.xcdatamodeld in Sources */,
			);
			runOnlyForDeploymentPostprocessing = 0;
		};
/* End PBXSourcesBuildPhase section */

/* Begin PBXVariantGroup section */
		043B7D03224B377B00D8902A /* Main.storyboard */ = {
			isa = PBXVariantGroup;
			children = (
				043B7D04224B377B00D8902A /* Base */,
			);
			name = Main.storyboard;
			sourceTree = "<group>";
		};
		043B7D0B224B377C00D8902A /* LaunchScreen.storyboard */ = {
			isa = PBXVariantGroup;
			children = (
				043B7D0C224B377C00D8902A /* Base */,
			);
			name = LaunchScreen.storyboard;
			sourceTree = "<group>";
		};
/* End PBXVariantGroup section */

/* Begin XCBuildConfiguration section */
		043B7D0F224B377C00D8902A /* Debug */ = {
			isa = XCBuildConfiguration;
			buildSettings = {
				ALWAYS_SEARCH_USER_PATHS = NO;
				CLANG_ANALYZER_NONNULL = YES;
				CLANG_ANALYZER_NUMBER_OBJECT_CONVERSION = YES_AGGRESSIVE;
				CLANG_CXX_LANGUAGE_STANDARD = "gnu++14";
				CLANG_CXX_LIBRARY = "libc++";
				CLANG_ENABLE_MODULES = YES;
				CLANG_ENABLE_OBJC_ARC = YES;
				CLANG_ENABLE_OBJC_WEAK = YES;
				CLANG_WARN_BLOCK_CAPTURE_AUTORELEASING = YES;
				CLANG_WARN_BOOL_CONVERSION = YES;
				CLANG_WARN_COMMA = YES;
				CLANG_WARN_CONSTANT_CONVERSION = YES;
				CLANG_WARN_DEPRECATED_OBJC_IMPLEMENTATIONS = YES;
				CLANG_WARN_DIRECT_OBJC_ISA_USAGE = YES_ERROR;
				CLANG_WARN_DOCUMENTATION_COMMENTS = YES;
				CLANG_WARN_EMPTY_BODY = YES;
				CLANG_WARN_ENUM_CONVERSION = YES;
				CLANG_WARN_INFINITE_RECURSION = YES;
				CLANG_WARN_INT_CONVERSION = YES;
				CLANG_WARN_NON_LITERAL_NULL_CONVERSION = YES;
				CLANG_WARN_OBJC_IMPLICIT_RETAIN_SELF = YES;
				CLANG_WARN_OBJC_LITERAL_CONVERSION = YES;
				CLANG_WARN_OBJC_ROOT_CLASS = YES_ERROR;
				CLANG_WARN_RANGE_LOOP_ANALYSIS = YES;
				CLANG_WARN_STRICT_PROTOTYPES = YES;
				CLANG_WARN_SUSPICIOUS_MOVE = YES;
				CLANG_WARN_UNGUARDED_AVAILABILITY = YES_AGGRESSIVE;
				CLANG_WARN_UNREACHABLE_CODE = YES;
				CLANG_WARN__DUPLICATE_METHOD_MATCH = YES;
				CODE_SIGN_IDENTITY = "iPhone Developer";
				COPY_PHASE_STRIP = NO;
				DEBUG_INFORMATION_FORMAT = dwarf;
				ENABLE_STRICT_OBJC_MSGSEND = YES;
				ENABLE_TESTABILITY = YES;
				GCC_C_LANGUAGE_STANDARD = gnu11;
				GCC_DYNAMIC_NO_PIC = NO;
				GCC_NO_COMMON_BLOCKS = YES;
				GCC_OPTIMIZATION_LEVEL = 0;
				GCC_PREPROCESSOR_DEFINITIONS = (
					"DEBUG=1",
					"$(inherited)",
				);
				GCC_WARN_64_TO_32_BIT_CONVERSION = YES;
				GCC_WARN_ABOUT_RETURN_TYPE = YES_ERROR;
				GCC_WARN_UNDECLARED_SELECTOR = YES;
				GCC_WARN_UNINITIALIZED_AUTOS = YES_AGGRESSIVE;
				GCC_WARN_UNUSED_FUNCTION = YES;
				GCC_WARN_UNUSED_VARIABLE = YES;
				IPHONEOS_DEPLOYMENT_TARGET = 12.1;
				MTL_ENABLE_DEBUG_INFO = INCLUDE_SOURCE;
				MTL_FAST_MATH = YES;
				ONLY_ACTIVE_ARCH = YES;
				SDKROOT = iphoneos;
				SWIFT_ACTIVE_COMPILATION_CONDITIONS = DEBUG;
				SWIFT_OPTIMIZATION_LEVEL = "-Onone";
			};
			name = Debug;
		};
		043B7D10224B377C00D8902A /* Release */ = {
			isa = XCBuildConfiguration;
			buildSettings = {
				ALWAYS_SEARCH_USER_PATHS = NO;
				CLANG_ANALYZER_NONNULL = YES;
				CLANG_ANALYZER_NUMBER_OBJECT_CONVERSION = YES_AGGRESSIVE;
				CLANG_CXX_LANGUAGE_STANDARD = "gnu++14";
				CLANG_CXX_LIBRARY = "libc++";
				CLANG_ENABLE_MODULES = YES;
				CLANG_ENABLE_OBJC_ARC = YES;
				CLANG_ENABLE_OBJC_WEAK = YES;
				CLANG_WARN_BLOCK_CAPTURE_AUTORELEASING = YES;
				CLANG_WARN_BOOL_CONVERSION = YES;
				CLANG_WARN_COMMA = YES;
				CLANG_WARN_CONSTANT_CONVERSION = YES;
				CLANG_WARN_DEPRECATED_OBJC_IMPLEMENTATIONS = YES;
				CLANG_WARN_DIRECT_OBJC_ISA_USAGE = YES_ERROR;
				CLANG_WARN_DOCUMENTATION_COMMENTS = YES;
				CLANG_WARN_EMPTY_BODY = YES;
				CLANG_WARN_ENUM_CONVERSION = YES;
				CLANG_WARN_INFINITE_RECURSION = YES;
				CLANG_WARN_INT_CONVERSION = YES;
				CLANG_WARN_NON_LITERAL_NULL_CONVERSION = YES;
				CLANG_WARN_OBJC_IMPLICIT_RETAIN_SELF = YES;
				CLANG_WARN_OBJC_LITERAL_CONVERSION = YES;
				CLANG_WARN_OBJC_ROOT_CLASS = YES_ERROR;
				CLANG_WARN_RANGE_LOOP_ANALYSIS = YES;
				CLANG_WARN_STRICT_PROTOTYPES = YES;
				CLANG_WARN_SUSPICIOUS_MOVE = YES;
				CLANG_WARN_UNGUARDED_AVAILABILITY = YES_AGGRESSIVE;
				CLANG_WARN_UNREACHABLE_CODE = YES;
				CLANG_WARN__DUPLICATE_METHOD_MATCH = YES;
				CODE_SIGN_IDENTITY = "iPhone Developer";
				COPY_PHASE_STRIP = NO;
				DEBUG_INFORMATION_FORMAT = "dwarf-with-dsym";
				ENABLE_NS_ASSERTIONS = NO;
				ENABLE_STRICT_OBJC_MSGSEND = YES;
				GCC_C_LANGUAGE_STANDARD = gnu11;
				GCC_NO_COMMON_BLOCKS = YES;
				GCC_WARN_64_TO_32_BIT_CONVERSION = YES;
				GCC_WARN_ABOUT_RETURN_TYPE = YES_ERROR;
				GCC_WARN_UNDECLARED_SELECTOR = YES;
				GCC_WARN_UNINITIALIZED_AUTOS = YES_AGGRESSIVE;
				GCC_WARN_UNUSED_FUNCTION = YES;
				GCC_WARN_UNUSED_VARIABLE = YES;
				IPHONEOS_DEPLOYMENT_TARGET = 12.1;
				MTL_ENABLE_DEBUG_INFO = NO;
				MTL_FAST_MATH = YES;
				SDKROOT = iphoneos;
				SWIFT_COMPILATION_MODE = wholemodule;
				SWIFT_OPTIMIZATION_LEVEL = "-O";
				VALIDATE_PRODUCT = YES;
			};
			name = Release;
		};
		043B7D12224B377C00D8902A /* Debug */ = {
			isa = XCBuildConfiguration;
			buildSettings = {
				ASSETCATALOG_COMPILER_APPICON_NAME = AppIcon;
				CODE_SIGN_STYLE = Automatic;
				DEVELOPMENT_TEAM = 9363UX2YFD;
				INFOPLIST_FILE = lab1_timer/Info.plist;
				LD_RUNPATH_SEARCH_PATHS = (
					"$(inherited)",
					"@executable_path/Frameworks",
				);
				PRODUCT_BUNDLE_IDENTIFIER = "map523.lab1-timer";
				PRODUCT_NAME = "$(TARGET_NAME)";
				SWIFT_VERSION = 4.2;
				TARGETED_DEVICE_FAMILY = "1,2";
			};
			name = Debug;
		};
		043B7D13224B377C00D8902A /* Release */ = {
			isa = XCBuildConfiguration;
			buildSettings = {
				ASSETCATALOG_COMPILER_APPICON_NAME = AppIcon;
				CODE_SIGN_STYLE = Automatic;
				DEVELOPMENT_TEAM = 9363UX2YFD;
				INFOPLIST_FILE = lab1_timer/Info.plist;
				LD_RUNPATH_SEARCH_PATHS = (
					"$(inherited)",
					"@executable_path/Frameworks",
				);
				PRODUCT_BUNDLE_IDENTIFIER = "map523.lab1-timer";
				PRODUCT_NAME = "$(TARGET_NAME)";
				SWIFT_VERSION = 4.2;
				TARGETED_DEVICE_FAMILY = "1,2";
			};
			name = Release;
		};
/* End XCBuildConfiguration section */

/* Begin XCConfigurationList section */
		043B7CF7224B377B00D8902A /* Build configuration list for PBXProject "lab1_timer" */ = {
			isa = XCConfigurationList;
			buildConfigurations = (
				043B7D0F224B377C00D8902A /* Debug */,
				043B7D10224B377C00D8902A /* Release */,
			);
			defaultConfigurationIsVisible = 0;
			defaultConfigurationName = Release;
		};
		043B7D11224B377C00D8902A /* Build configuration list for PBXNativeTarget "lab1_timer" */ = {
			isa = XCConfigurationList;
			buildConfigurations = (
				043B7D12224B377C00D8902A /* Debug */,
				043B7D13224B377C00D8902A /* Release */,
			);
			defaultConfigurationIsVisible = 0;
			defaultConfigurationName = Release;
		};
/* End XCConfigurationList section */

/* Begin XCVersionGroup section */
		043B7D06224B377B00D8902A /* lab1_timer.xcdatamodeld */ = {
			isa = XCVersionGroup;
			children = (
				043B7D07224B377B00D8902A /* lab1_timer.xcdatamodel */,
			);
			currentVersion = 043B7D07224B377B00D8902A /* lab1_timer.xcdatamodel */;
			path = lab1_timer.xcdatamodeld;
			sourceTree = "<group>";
			versionGroupType = wrapper.xcdatamodel;
		};
/* End XCVersionGroup section */
	};
	rootObject = 043B7CF4224B377B00D8902A /* Project object */;
}
